
Microsoft Visual Studio Solution File, Format Version 12.00
# Visual Studio Version 16
VisualStudioVersion = 16.0.30611.23
MinimumVisualStudioVersion = 10.0.40219.1
Project("{FAE04EC0-301F-11D3-BF4B-00C04F79EFBC}") = "SchoolOrganizer.Android", "SchoolOrganizer\SchoolOrganizer.Android\SchoolOrganizer.Android.csproj", "{0D12415A-E622-42C1-80A6-7EDC3F13711C}"
EndProject
Project("{FAE04EC0-301F-11D3-BF4B-00C04F79EFBC}") = "SchoolOrganizer.iOS", "SchoolOrganizer\SchoolOrganizer.iOS\SchoolOrganizer.iOS.csproj", "{E5E516B2-E4AD-4602-9540-090D4A9435BC}"
EndProject
Project("{9A19103F-16F7-4668-BE54-9A1E7A4F7556}") = "SchoolOrganizer", "SchoolOrganizer\SchoolOrganizer\SchoolOrganizer.csproj", "{20CCEA58-74B4-41B0-9E9E-22B7B328C798}"
EndProject
Project("{FAE04EC0-301F-11D3-BF4B-00C04F79EFBC}") = "SchoolOrganizer.UWP", "SchoolOrganizer\SchoolOrganizer.UWP\SchoolOrganizer.UWP.csproj", "{D3E819D0-0C8B-4DA4-B162-5098D17A22E5}"
EndProject
Project("{2150E333-8FDC-42A3-9474-1A3956D46DE8}") = "Kit", "Kit", "{9D14DDBA-90B4-4137-A336-68FB507876DE}"
EndProject
Project("{9A19103F-16F7-4668-BE54-9A1E7A4F7556}") = "Kit", "..\..\Kit\Kit\Kit.csproj", "{FBDD1DCC-B804-4690-8113-98D775DE9A88}"
EndProject
Project("{9A19103F-16F7-4668-BE54-9A1E7A4F7556}") = "Kit.Forms", "..\..\Kit\Kit.Forms\Kit.Forms.csproj", "{34EFEC99-A6E9-4C5E-A4A3-CF62C8D2A3E1}"
EndProject
Project("{9A19103F-16F7-4668-BE54-9A1E7A4F7556}") = "Kit.Droid", "..\..\Kit\Kit.Droid\Kit.Droid.csproj", "{69924835-CCFB-4764-A16F-F31295748C29}"
EndProject
Project("{FAE04EC0-301F-11D3-BF4B-00C04F79EFBC}") = "Kit.iOS", "..\..\Kit\Kit.iOS\Kit.iOS.csproj", "{DE4B3620-B011-4AB8-84D8-05E073DAB97E}"
EndProject
Project("{FAE04EC0-301F-11D3-BF4B-00C04F79EFBC}") = "Kit.UWP", "..\..\Kit\Kit.UWP\Kit.UWP.csproj", "{448253EC-BF0C-4173-885B-F9F7B92D511C}"
EndProject
Global
	GlobalSection(SolutionConfigurationPlatforms) = preSolution
		Debug|Any CPU = Debug|Any CPU
		Debug|ARM = Debug|ARM
		Debug|ARM64 = Debug|ARM64
		Debug|iPhone = Debug|iPhone
		Debug|iPhoneSimulator = Debug|iPhoneSimulator
		Debug|x64 = Debug|x64
		Debug|x86 = Debug|x86
		Gorilla|Any CPU = Gorilla|Any CPU
		Gorilla|ARM = Gorilla|ARM
		Gorilla|ARM64 = Gorilla|ARM64
		Gorilla|iPhone = Gorilla|iPhone
		Gorilla|iPhoneSimulator = Gorilla|iPhoneSimulator
		Gorilla|x64 = Gorilla|x64
		Gorilla|x86 = Gorilla|x86
		Release|Any CPU = Release|Any CPU
		Release|ARM = Release|ARM
		Release|ARM64 = Release|ARM64
		Release|iPhone = Release|iPhone
		Release|iPhoneSimulator = Release|iPhoneSimulator
		Release|x64 = Release|x64
		Release|x86 = Release|x86
	EndGlobalSection
	GlobalSection(ProjectConfigurationPlatforms) = postSolution
		{0D12415A-E622-42C1-80A6-7EDC3F13711C}.Debug|Any CPU.ActiveCfg = Debug|Any CPU
		{0D12415A-E622-42C1-80A6-7EDC3F13711C}.Debug|Any CPU.Build.0 = Debug|Any CPU
		{0D12415A-E622-42C1-80A6-7EDC3F13711C}.Debug|Any CPU.Deploy.0 = Debug|Any CPU
		{0D12415A-E622-42C1-80A6-7EDC3F13711C}.Debug|ARM.ActiveCfg = Debug|Any CPU
		{0D12415A-E622-42C1-80A6-7EDC3F13711C}.Debug|ARM.Build.0 = Debug|Any CPU
		{0D12415A-E622-42C1-80A6-7EDC3F13711C}.Debug|ARM.Deploy.0 = Debug|Any CPU
		{0D12415A-E622-42C1-80A6-7EDC3F13711C}.Debug|ARM64.ActiveCfg = Debug|Any CPU
		{0D12415A-E622-42C1-80A6-7EDC3F13711C}.Debug|ARM64.Build.0 = Debug|Any CPU
		{0D12415A-E622-42C1-80A6-7EDC3F13711C}.Debug|ARM64.Deploy.0 = Debug|Any CPU
		{0D12415A-E622-42C1-80A6-7EDC3F13711C}.Debug|iPhone.ActiveCfg = Debug|Any CPU
		{0D12415A-E622-42C1-80A6-7EDC3F13711C}.Debug|iPhone.Build.0 = Debug|Any CPU
		{0D12415A-E622-42C1-80A6-7EDC3F13711C}.Debug|iPhone.Deploy.0 = Debug|Any CPU
		{0D12415A-E622-42C1-80A6-7EDC3F13711C}.Debug|iPhoneSimulator.ActiveCfg = Debug|Any CPU
		{0D12415A-E622-42C1-80A6-7EDC3F13711C}.Debug|iPhoneSimulator.Build.0 = Debug|Any CPU
		{0D12415A-E622-42C1-80A6-7EDC3F13711C}.Debug|iPhoneSimulator.Deploy.0 = Debug|Any CPU
		{0D12415A-E622-42C1-80A6-7EDC3F13711C}.Debug|x64.ActiveCfg = Debug|Any CPU
		{0D12415A-E622-42C1-80A6-7EDC3F13711C}.Debug|x64.Build.0 = Debug|Any CPU
		{0D12415A-E622-42C1-80A6-7EDC3F13711C}.Debug|x64.Deploy.0 = Debug|Any CPU
		{0D12415A-E622-42C1-80A6-7EDC3F13711C}.Debug|x86.ActiveCfg = Debug|Any CPU
		{0D12415A-E622-42C1-80A6-7EDC3F13711C}.Debug|x86.Build.0 = Debug|Any CPU
		{0D12415A-E622-42C1-80A6-7EDC3F13711C}.Debug|x86.Deploy.0 = Debug|Any CPU
		{0D12415A-E622-42C1-80A6-7EDC3F13711C}.Gorilla|Any CPU.ActiveCfg = Release|Any CPU
		{0D12415A-E622-42C1-80A6-7EDC3F13711C}.Gorilla|Any CPU.Build.0 = Release|Any CPU
		{0D12415A-E622-42C1-80A6-7EDC3F13711C}.Gorilla|Any CPU.Deploy.0 = Release|Any CPU
		{0D12415A-E622-42C1-80A6-7EDC3F13711C}.Gorilla|ARM.ActiveCfg = Release|Any CPU
		{0D12415A-E622-42C1-80A6-7EDC3F13711C}.Gorilla|ARM.Build.0 = Release|Any CPU
		{0D12415A-E622-42C1-80A6-7EDC3F13711C}.Gorilla|ARM.Deploy.0 = Release|Any CPU
		{0D12415A-E622-42C1-80A6-7EDC3F13711C}.Gorilla|ARM64.ActiveCfg = Release|Any CPU
		{0D12415A-E622-42C1-80A6-7EDC3F13711C}.Gorilla|ARM64.Build.0 = Release|Any CPU
		{0D12415A-E622-42C1-80A6-7EDC3F13711C}.Gorilla|ARM64.Deploy.0 = Release|Any CPU
		{0D12415A-E622-42C1-80A6-7EDC3F13711C}.Gorilla|iPhone.ActiveCfg = Release|Any CPU
		{0D12415A-E622-42C1-80A6-7EDC3F13711C}.Gorilla|iPhone.Build.0 = Release|Any CPU
		{0D12415A-E622-42C1-80A6-7EDC3F13711C}.Gorilla|iPhone.Deploy.0 = Release|Any CPU
		{0D12415A-E622-42C1-80A6-7EDC3F13711C}.Gorilla|iPhoneSimulator.ActiveCfg = Release|Any CPU
		{0D12415A-E622-42C1-80A6-7EDC3F13711C}.Gorilla|iPhoneSimulator.Build.0 = Release|Any CPU
		{0D12415A-E622-42C1-80A6-7EDC3F13711C}.Gorilla|iPhoneSimulator.Deploy.0 = Release|Any CPU
		{0D12415A-E622-42C1-80A6-7EDC3F13711C}.Gorilla|x64.ActiveCfg = Release|Any CPU
		{0D12415A-E622-42C1-80A6-7EDC3F13711C}.Gorilla|x64.Build.0 = Release|Any CPU
		{0D12415A-E622-42C1-80A6-7EDC3F13711C}.Gorilla|x64.Deploy.0 = Release|Any CPU
		{0D12415A-E622-42C1-80A6-7EDC3F13711C}.Gorilla|x86.ActiveCfg = Release|Any CPU
		{0D12415A-E622-42C1-80A6-7EDC3F13711C}.Gorilla|x86.Build.0 = Release|Any CPU
		{0D12415A-E622-42C1-80A6-7EDC3F13711C}.Gorilla|x86.Deploy.0 = Release|Any CPU
		{0D12415A-E622-42C1-80A6-7EDC3F13711C}.Release|Any CPU.ActiveCfg = Release|Any CPU
		{0D12415A-E622-42C1-80A6-7EDC3F13711C}.Release|Any CPU.Build.0 = Release|Any CPU
		{0D12415A-E622-42C1-80A6-7EDC3F13711C}.Release|Any CPU.Deploy.0 = Release|Any CPU
		{0D12415A-E622-42C1-80A6-7EDC3F13711C}.Release|ARM.ActiveCfg = Release|Any CPU
		{0D12415A-E622-42C1-80A6-7EDC3F13711C}.Release|ARM.Build.0 = Release|Any CPU
		{0D12415A-E622-42C1-80A6-7EDC3F13711C}.Release|ARM.Deploy.0 = Release|Any CPU
		{0D12415A-E622-42C1-80A6-7EDC3F13711C}.Release|ARM64.ActiveCfg = Release|Any CPU
		{0D12415A-E622-42C1-80A6-7EDC3F13711C}.Release|ARM64.Build.0 = Release|Any CPU
		{0D12415A-E622-42C1-80A6-7EDC3F13711C}.Release|ARM64.Deploy.0 = Release|Any CPU
		{0D12415A-E622-42C1-80A6-7EDC3F13711C}.Release|iPhone.ActiveCfg = Release|Any CPU
		{0D12415A-E622-42C1-80A6-7EDC3F13711C}.Release|iPhone.Build.0 = Release|Any CPU
		{0D12415A-E622-42C1-80A6-7EDC3F13711C}.Release|iPhone.Deploy.0 = Release|Any CPU
		{0D12415A-E622-42C1-80A6-7EDC3F13711C}.Release|iPhoneSimulator.ActiveCfg = Release|Any CPU
		{0D12415A-E622-42C1-80A6-7EDC3F13711C}.Release|iPhoneSimulator.Build.0 = Release|Any CPU
		{0D12415A-E622-42C1-80A6-7EDC3F13711C}.Release|iPhoneSimulator.Deploy.0 = Release|Any CPU
		{0D12415A-E622-42C1-80A6-7EDC3F13711C}.Release|x64.ActiveCfg = Release|Any CPU
		{0D12415A-E622-42C1-80A6-7EDC3F13711C}.Release|x64.Build.0 = Release|Any CPU
		{0D12415A-E622-42C1-80A6-7EDC3F13711C}.Release|x64.Deploy.0 = Release|Any CPU
		{0D12415A-E622-42C1-80A6-7EDC3F13711C}.Release|x86.ActiveCfg = Release|Any CPU
		{0D12415A-E622-42C1-80A6-7EDC3F13711C}.Release|x86.Build.0 = Release|Any CPU
		{0D12415A-E622-42C1-80A6-7EDC3F13711C}.Release|x86.Deploy.0 = Release|Any CPU
		{E5E516B2-E4AD-4602-9540-090D4A9435BC}.Debug|Any CPU.ActiveCfg = Debug|iPhone
		{E5E516B2-E4AD-4602-9540-090D4A9435BC}.Debug|Any CPU.Build.0 = Debug|iPhone
		{E5E516B2-E4AD-4602-9540-090D4A9435BC}.Debug|Any CPU.Deploy.0 = Debug|iPhone
		{E5E516B2-E4AD-4602-9540-090D4A9435BC}.Debug|ARM.ActiveCfg = Debug|iPhoneSimulator
		{E5E516B2-E4AD-4602-9540-090D4A9435BC}.Debug|ARM64.ActiveCfg = Debug|iPhoneSimulator
		{E5E516B2-E4AD-4602-9540-090D4A9435BC}.Debug|iPhone.ActiveCfg = Debug|iPhone
		{E5E516B2-E4AD-4602-9540-090D4A9435BC}.Debug|iPhone.Build.0 = Debug|iPhone
		{E5E516B2-E4AD-4602-9540-090D4A9435BC}.Debug|iPhone.Deploy.0 = Debug|iPhone
		{E5E516B2-E4AD-4602-9540-090D4A9435BC}.Debug|iPhoneSimulator.ActiveCfg = Debug|iPhoneSimulator
		{E5E516B2-E4AD-4602-9540-090D4A9435BC}.Debug|iPhoneSimulator.Build.0 = Debug|iPhoneSimulator
		{E5E516B2-E4AD-4602-9540-090D4A9435BC}.Debug|iPhoneSimulator.Deploy.0 = Debug|iPhoneSimulator
		{E5E516B2-E4AD-4602-9540-090D4A9435BC}.Debug|x64.ActiveCfg = Debug|iPhoneSimulator
		{E5E516B2-E4AD-4602-9540-090D4A9435BC}.Debug|x86.ActiveCfg = Debug|iPhoneSimulator
		{E5E516B2-E4AD-4602-9540-090D4A9435BC}.Gorilla|Any CPU.ActiveCfg = Release|iPhone
		{E5E516B2-E4AD-4602-9540-090D4A9435BC}.Gorilla|Any CPU.Build.0 = Release|iPhone
		{E5E516B2-E4AD-4602-9540-090D4A9435BC}.Gorilla|ARM.ActiveCfg = Release|iPhone
		{E5E516B2-E4AD-4602-9540-090D4A9435BC}.Gorilla|ARM.Build.0 = Release|iPhone
		{E5E516B2-E4AD-4602-9540-090D4A9435BC}.Gorilla|ARM64.ActiveCfg = Release|iPhone
		{E5E516B2-E4AD-4602-9540-090D4A9435BC}.Gorilla|ARM64.Build.0 = Release|iPhone
		{E5E516B2-E4AD-4602-9540-090D4A9435BC}.Gorilla|iPhone.ActiveCfg = Release|iPhone
		{E5E516B2-E4AD-4602-9540-090D4A9435BC}.Gorilla|iPhone.Build.0 = Release|iPhone
		{E5E516B2-E4AD-4602-9540-090D4A9435BC}.Gorilla|iPhoneSimulator.ActiveCfg = Release|iPhoneSimulator
		{E5E516B2-E4AD-4602-9540-090D4A9435BC}.Gorilla|iPhoneSimulator.Build.0 = Release|iPhoneSimulator
		{E5E516B2-E4AD-4602-9540-090D4A9435BC}.Gorilla|x64.ActiveCfg = Release|iPhone
		{E5E516B2-E4AD-4602-9540-090D4A9435BC}.Gorilla|x64.Build.0 = Release|iPhone
		{E5E516B2-E4AD-4602-9540-090D4A9435BC}.Gorilla|x86.ActiveCfg = Release|iPhone
		{E5E516B2-E4AD-4602-9540-090D4A9435BC}.Gorilla|x86.Build.0 = Release|iPhone
		{E5E516B2-E4AD-4602-9540-090D4A9435BC}.Release|Any CPU.ActiveCfg = Release|iPhoneSimulator
		{E5E516B2-E4AD-4602-9540-090D4A9435BC}.Release|Any CPU.Build.0 = Release|iPhoneSimulator
		{E5E516B2-E4AD-4602-9540-090D4A9435BC}.Release|Any CPU.Deploy.0 = Release|iPhoneSimulator
		{E5E516B2-E4AD-4602-9540-090D4A9435BC}.Release|ARM.ActiveCfg = Release|iPhone
		{E5E516B2-E4AD-4602-9540-090D4A9435BC}.Release|ARM64.ActiveCfg = Release|iPhone
		{E5E516B2-E4AD-4602-9540-090D4A9435BC}.Release|iPhone.ActiveCfg = Release|iPhone
		{E5E516B2-E4AD-4602-9540-090D4A9435BC}.Release|iPhone.Build.0 = Release|iPhone
		{E5E516B2-E4AD-4602-9540-090D4A9435BC}.Release|iPhone.Deploy.0 = Release|iPhone
		{E5E516B2-E4AD-4602-9540-090D4A9435BC}.Release|iPhoneSimulator.ActiveCfg = Release|iPhoneSimulator
		{E5E516B2-E4AD-4602-9540-090D4A9435BC}.Release|iPhoneSimulator.Build.0 = Release|iPhoneSimulator
		{E5E516B2-E4AD-4602-9540-090D4A9435BC}.Release|iPhoneSimulator.Deploy.0 = Release|iPhoneSimulator
		{E5E516B2-E4AD-4602-9540-090D4A9435BC}.Release|x64.ActiveCfg = Release|iPhone
		{E5E516B2-E4AD-4602-9540-090D4A9435BC}.Release|x86.ActiveCfg = Release|iPhone
		{20CCEA58-74B4-41B0-9E9E-22B7B328C798}.Debug|Any CPU.ActiveCfg = Debug|Any CPU
		{20CCEA58-74B4-41B0-9E9E-22B7B328C798}.Debug|Any CPU.Build.0 = Debug|Any CPU
		{20CCEA58-74B4-41B0-9E9E-22B7B328C798}.Debug|Any CPU.Deploy.0 = Debug|Any CPU
		{20CCEA58-74B4-41B0-9E9E-22B7B328C798}.Debug|ARM.ActiveCfg = Debug|Any CPU
		{20CCEA58-74B4-41B0-9E9E-22B7B328C798}.Debug|ARM.Build.0 = Debug|Any CPU
		{20CCEA58-74B4-41B0-9E9E-22B7B328C798}.Debug|ARM64.ActiveCfg = Debug|Any CPU
		{20CCEA58-74B4-41B0-9E9E-22B7B328C798}.Debug|ARM64.Build.0 = Debug|Any CPU
		{20CCEA58-74B4-41B0-9E9E-22B7B328C798}.Debug|iPhone.ActiveCfg = Debug|Any CPU
		{20CCEA58-74B4-41B0-9E9E-22B7B328C798}.Debug|iPhone.Build.0 = Debug|Any CPU
		{20CCEA58-74B4-41B0-9E9E-22B7B328C798}.Debug|iPhone.Deploy.0 = Debug|Any CPU
		{20CCEA58-74B4-41B0-9E9E-22B7B328C798}.Debug|iPhoneSimulator.ActiveCfg = Debug|Any CPU
		{20CCEA58-74B4-41B0-9E9E-22B7B328C798}.Debug|iPhoneSimulator.Build.0 = Debug|Any CPU
		{20CCEA58-74B4-41B0-9E9E-22B7B328C798}.Debug|iPhoneSimulator.Deploy.0 = Debug|Any CPU
		{20CCEA58-74B4-41B0-9E9E-22B7B328C798}.Debug|x64.ActiveCfg = Debug|Any CPU
		{20CCEA58-74B4-41B0-9E9E-22B7B328C798}.Debug|x64.Build.0 = Debug|Any CPU
		{20CCEA58-74B4-41B0-9E9E-22B7B328C798}.Debug|x86.ActiveCfg = Debug|Any CPU
		{20CCEA58-74B4-41B0-9E9E-22B7B328C798}.Debug|x86.Build.0 = Debug|Any CPU
		{20CCEA58-74B4-41B0-9E9E-22B7B328C798}.Gorilla|Any CPU.ActiveCfg = Release|Any CPU
		{20CCEA58-74B4-41B0-9E9E-22B7B328C798}.Gorilla|Any CPU.Build.0 = Release|Any CPU
		{20CCEA58-74B4-41B0-9E9E-22B7B328C798}.Gorilla|ARM.ActiveCfg = Release|Any CPU
		{20CCEA58-74B4-41B0-9E9E-22B7B328C798}.Gorilla|ARM.Build.0 = Release|Any CPU
		{20CCEA58-74B4-41B0-9E9E-22B7B328C798}.Gorilla|ARM64.ActiveCfg = Release|Any CPU
		{20CCEA58-74B4-41B0-9E9E-22B7B328C798}.Gorilla|ARM64.Build.0 = Release|Any CPU
		{20CCEA58-74B4-41B0-9E9E-22B7B328C798}.Gorilla|iPhone.ActiveCfg = Release|Any CPU
		{20CCEA58-74B4-41B0-9E9E-22B7B328C798}.Gorilla|iPhone.Build.0 = Release|Any CPU
		{20CCEA58-74B4-41B0-9E9E-22B7B328C798}.Gorilla|iPhoneSimulator.ActiveCfg = Release|Any CPU
		{20CCEA58-74B4-41B0-9E9E-22B7B328C798}.Gorilla|iPhoneSimulator.Build.0 = Release|Any CPU
		{20CCEA58-74B4-41B0-9E9E-22B7B328C798}.Gorilla|x64.ActiveCfg = Release|Any CPU
		{20CCEA58-74B4-41B0-9E9E-22B7B328C798}.Gorilla|x64.Build.0 = Release|Any CPU
		{20CCEA58-74B4-41B0-9E9E-22B7B328C798}.Gorilla|x86.ActiveCfg = Release|Any CPU
		{20CCEA58-74B4-41B0-9E9E-22B7B328C798}.Gorilla|x86.Build.0 = Release|Any CPU
		{20CCEA58-74B4-41B0-9E9E-22B7B328C798}.Release|Any CPU.ActiveCfg = Release|Any CPU
		{20CCEA58-74B4-41B0-9E9E-22B7B328C798}.Release|Any CPU.Build.0 = Release|Any CPU
		{20CCEA58-74B4-41B0-9E9E-22B7B328C798}.Release|Any CPU.Deploy.0 = Release|Any CPU
		{20CCEA58-74B4-41B0-9E9E-22B7B328C798}.Release|ARM.ActiveCfg = Release|Any CPU
		{20CCEA58-74B4-41B0-9E9E-22B7B328C798}.Release|ARM.Build.0 = Release|Any CPU
		{20CCEA58-74B4-41B0-9E9E-22B7B328C798}.Release|ARM64.ActiveCfg = Release|Any CPU
		{20CCEA58-74B4-41B0-9E9E-22B7B328C798}.Release|ARM64.Build.0 = Release|Any CPU
		{20CCEA58-74B4-41B0-9E9E-22B7B328C798}.Release|iPhone.ActiveCfg = Release|Any CPU
		{20CCEA58-74B4-41B0-9E9E-22B7B328C798}.Release|iPhone.Build.0 = Release|Any CPU
		{20CCEA58-74B4-41B0-9E9E-22B7B328C798}.Release|iPhone.Deploy.0 = Release|Any CPU
		{20CCEA58-74B4-41B0-9E9E-22B7B328C798}.Release|iPhoneSimulator.ActiveCfg = Release|Any CPU
		{20CCEA58-74B4-41B0-9E9E-22B7B328C798}.Release|iPhoneSimulator.Build.0 = Release|Any CPU
		{20CCEA58-74B4-41B0-9E9E-22B7B328C798}.Release|iPhoneSimulator.Deploy.0 = Release|Any CPU
		{20CCEA58-74B4-41B0-9E9E-22B7B328C798}.Release|x64.ActiveCfg = Release|Any CPU
		{20CCEA58-74B4-41B0-9E9E-22B7B328C798}.Release|x64.Build.0 = Release|Any CPU
		{20CCEA58-74B4-41B0-9E9E-22B7B328C798}.Release|x86.ActiveCfg = Release|Any CPU
		{20CCEA58-74B4-41B0-9E9E-22B7B328C798}.Release|x86.Build.0 = Release|Any CPU
		{D3E819D0-0C8B-4DA4-B162-5098D17A22E5}.Debug|Any CPU.ActiveCfg = Debug|x86
		{D3E819D0-0C8B-4DA4-B162-5098D17A22E5}.Debug|Any CPU.Build.0 = Debug|x86
		{D3E819D0-0C8B-4DA4-B162-5098D17A22E5}.Debug|Any CPU.Deploy.0 = Debug|x86
		{D3E819D0-0C8B-4DA4-B162-5098D17A22E5}.Debug|ARM.ActiveCfg = Debug|ARM
		{D3E819D0-0C8B-4DA4-B162-5098D17A22E5}.Debug|ARM.Build.0 = Debug|ARM
		{D3E819D0-0C8B-4DA4-B162-5098D17A22E5}.Debug|ARM.Deploy.0 = Debug|ARM
		{D3E819D0-0C8B-4DA4-B162-5098D17A22E5}.Debug|ARM64.ActiveCfg = Debug|ARM64
		{D3E819D0-0C8B-4DA4-B162-5098D17A22E5}.Debug|ARM64.Build.0 = Debug|ARM64
		{D3E819D0-0C8B-4DA4-B162-5098D17A22E5}.Debug|ARM64.Deploy.0 = Debug|ARM64
		{D3E819D0-0C8B-4DA4-B162-5098D17A22E5}.Debug|iPhone.ActiveCfg = Debug|x86
		{D3E819D0-0C8B-4DA4-B162-5098D17A22E5}.Debug|iPhoneSimulator.ActiveCfg = Debug|x86
		{D3E819D0-0C8B-4DA4-B162-5098D17A22E5}.Debug|x64.ActiveCfg = Debug|x64
		{D3E819D0-0C8B-4DA4-B162-5098D17A22E5}.Debug|x64.Build.0 = Debug|x64
		{D3E819D0-0C8B-4DA4-B162-5098D17A22E5}.Debug|x64.Deploy.0 = Debug|x64
		{D3E819D0-0C8B-4DA4-B162-5098D17A22E5}.Debug|x86.ActiveCfg = Debug|x86
		{D3E819D0-0C8B-4DA4-B162-5098D17A22E5}.Debug|x86.Build.0 = Debug|x86
		{D3E819D0-0C8B-4DA4-B162-5098D17A22E5}.Debug|x86.Deploy.0 = Debug|x86
		{D3E819D0-0C8B-4DA4-B162-5098D17A22E5}.Gorilla|Any CPU.ActiveCfg = Release|x64
		{D3E819D0-0C8B-4DA4-B162-5098D17A22E5}.Gorilla|Any CPU.Build.0 = Release|x64
		{D3E819D0-0C8B-4DA4-B162-5098D17A22E5}.Gorilla|Any CPU.Deploy.0 = Release|x64
		{D3E819D0-0C8B-4DA4-B162-5098D17A22E5}.Gorilla|ARM.ActiveCfg = Release|ARM
		{D3E819D0-0C8B-4DA4-B162-5098D17A22E5}.Gorilla|ARM.Build.0 = Release|ARM
		{D3E819D0-0C8B-4DA4-B162-5098D17A22E5}.Gorilla|ARM.Deploy.0 = Release|ARM
		{D3E819D0-0C8B-4DA4-B162-5098D17A22E5}.Gorilla|ARM64.ActiveCfg = Release|ARM64
		{D3E819D0-0C8B-4DA4-B162-5098D17A22E5}.Gorilla|ARM64.Build.0 = Release|ARM64
		{D3E819D0-0C8B-4DA4-B162-5098D17A22E5}.Gorilla|ARM64.Deploy.0 = Release|ARM64
		{D3E819D0-0C8B-4DA4-B162-5098D17A22E5}.Gorilla|iPhone.ActiveCfg = Release|x64
		{D3E819D0-0C8B-4DA4-B162-5098D17A22E5}.Gorilla|iPhone.Build.0 = Release|x64
		{D3E819D0-0C8B-4DA4-B162-5098D17A22E5}.Gorilla|iPhone.Deploy.0 = Release|x64
		{D3E819D0-0C8B-4DA4-B162-5098D17A22E5}.Gorilla|iPhoneSimulator.ActiveCfg = Release|x64
		{D3E819D0-0C8B-4DA4-B162-5098D17A22E5}.Gorilla|iPhoneSimulator.Build.0 = Release|x64
		{D3E819D0-0C8B-4DA4-B162-5098D17A22E5}.Gorilla|iPhoneSimulator.Deploy.0 = Release|x64
		{D3E819D0-0C8B-4DA4-B162-5098D17A22E5}.Gorilla|x64.ActiveCfg = Release|x64
		{D3E819D0-0C8B-4DA4-B162-5098D17A22E5}.Gorilla|x64.Build.0 = Release|x64
		{D3E819D0-0C8B-4DA4-B162-5098D17A22E5}.Gorilla|x64.Deploy.0 = Release|x64
		{D3E819D0-0C8B-4DA4-B162-5098D17A22E5}.Gorilla|x86.ActiveCfg = Release|x86
		{D3E819D0-0C8B-4DA4-B162-5098D17A22E5}.Gorilla|x86.Build.0 = Release|x86
		{D3E819D0-0C8B-4DA4-B162-5098D17A22E5}.Gorilla|x86.Deploy.0 = Release|x86
		{D3E819D0-0C8B-4DA4-B162-5098D17A22E5}.Release|Any CPU.ActiveCfg = Release|x86
		{D3E819D0-0C8B-4DA4-B162-5098D17A22E5}.Release|ARM.ActiveCfg = Release|ARM
		{D3E819D0-0C8B-4DA4-B162-5098D17A22E5}.Release|ARM.Build.0 = Release|ARM
		{D3E819D0-0C8B-4DA4-B162-5098D17A22E5}.Release|ARM.Deploy.0 = Release|ARM
		{D3E819D0-0C8B-4DA4-B162-5098D17A22E5}.Release|ARM64.ActiveCfg = Release|ARM64
		{D3E819D0-0C8B-4DA4-B162-5098D17A22E5}.Release|ARM64.Build.0 = Release|ARM64
		{D3E819D0-0C8B-4DA4-B162-5098D17A22E5}.Release|ARM64.Deploy.0 = Release|ARM64
		{D3E819D0-0C8B-4DA4-B162-5098D17A22E5}.Release|iPhone.ActiveCfg = Release|x86
		{D3E819D0-0C8B-4DA4-B162-5098D17A22E5}.Release|iPhoneSimulator.ActiveCfg = Release|x86
		{D3E819D0-0C8B-4DA4-B162-5098D17A22E5}.Release|x64.ActiveCfg = Release|x64
		{D3E819D0-0C8B-4DA4-B162-5098D17A22E5}.Release|x64.Build.0 = Release|x64
		{D3E819D0-0C8B-4DA4-B162-5098D17A22E5}.Release|x64.Deploy.0 = Release|x64
		{D3E819D0-0C8B-4DA4-B162-5098D17A22E5}.Release|x86.ActiveCfg = Release|x86
		{D3E819D0-0C8B-4DA4-B162-5098D17A22E5}.Release|x86.Build.0 = Release|x86
		{D3E819D0-0C8B-4DA4-B162-5098D17A22E5}.Release|x86.Deploy.0 = Release|x86
		{FBDD1DCC-B804-4690-8113-98D775DE9A88}.Debug|Any CPU.ActiveCfg = Debug|Any CPU
		{FBDD1DCC-B804-4690-8113-98D775DE9A88}.Debug|Any CPU.Build.0 = Debug|Any CPU
		{FBDD1DCC-B804-4690-8113-98D775DE9A88}.Debug|ARM.ActiveCfg = Debug|Any CPU
		{FBDD1DCC-B804-4690-8113-98D775DE9A88}.Debug|ARM.Build.0 = Debug|Any CPU
		{FBDD1DCC-B804-4690-8113-98D775DE9A88}.Debug|ARM64.ActiveCfg = Debug|Any CPU
		{FBDD1DCC-B804-4690-8113-98D775DE9A88}.Debug|ARM64.Build.0 = Debug|Any CPU
		{FBDD1DCC-B804-4690-8113-98D775DE9A88}.Debug|iPhone.ActiveCfg = Debug|Any CPU
		{FBDD1DCC-B804-4690-8113-98D775DE9A88}.Debug|iPhone.Build.0 = Debug|Any CPU
		{FBDD1DCC-B804-4690-8113-98D775DE9A88}.Debug|iPhoneSimulator.ActiveCfg = Debug|Any CPU
		{FBDD1DCC-B804-4690-8113-98D775DE9A88}.Debug|iPhoneSimulator.Build.0 = Debug|Any CPU
		{FBDD1DCC-B804-4690-8113-98D775DE9A88}.Debug|x64.ActiveCfg = Debug|Any CPU
		{FBDD1DCC-B804-4690-8113-98D775DE9A88}.Debug|x64.Build.0 = Debug|Any CPU
		{FBDD1DCC-B804-4690-8113-98D775DE9A88}.Debug|x86.ActiveCfg = Debug|Any CPU
		{FBDD1DCC-B804-4690-8113-98D775DE9A88}.Debug|x86.Build.0 = Debug|Any CPU
		{FBDD1DCC-B804-4690-8113-98D775DE9A88}.Gorilla|Any CPU.ActiveCfg = Gorilla|Any CPU
		{FBDD1DCC-B804-4690-8113-98D775DE9A88}.Gorilla|Any CPU.Build.0 = Gorilla|Any CPU
		{FBDD1DCC-B804-4690-8113-98D775DE9A88}.Gorilla|ARM.ActiveCfg = Gorilla|Any CPU
		{FBDD1DCC-B804-4690-8113-98D775DE9A88}.Gorilla|ARM.Build.0 = Gorilla|Any CPU
		{FBDD1DCC-B804-4690-8113-98D775DE9A88}.Gorilla|ARM64.ActiveCfg = Gorilla|Any CPU
		{FBDD1DCC-B804-4690-8113-98D775DE9A88}.Gorilla|ARM64.Build.0 = Gorilla|Any CPU
		{FBDD1DCC-B804-4690-8113-98D775DE9A88}.Gorilla|iPhone.ActiveCfg = Gorilla|Any CPU
		{FBDD1DCC-B804-4690-8113-98D775DE9A88}.Gorilla|iPhone.Build.0 = Gorilla|Any CPU
		{FBDD1DCC-B804-4690-8113-98D775DE9A88}.Gorilla|iPhoneSimulator.ActiveCfg = Gorilla|Any CPU
		{FBDD1DCC-B804-4690-8113-98D775DE9A88}.Gorilla|iPhoneSimulator.Build.0 = Gorilla|Any CPU
		{FBDD1DCC-B804-4690-8113-98D775DE9A88}.Gorilla|x64.ActiveCfg = Gorilla|Any CPU
		{FBDD1DCC-B804-4690-8113-98D775DE9A88}.Gorilla|x64.Build.0 = Gorilla|Any CPU
		{FBDD1DCC-B804-4690-8113-98D775DE9A88}.Gorilla|x86.ActiveCfg = Gorilla|Any CPU
		{FBDD1DCC-B804-4690-8113-98D775DE9A88}.Gorilla|x86.Build.0 = Gorilla|Any CPU
		{FBDD1DCC-B804-4690-8113-98D775DE9A88}.Release|Any CPU.ActiveCfg = Release|Any CPU
		{FBDD1DCC-B804-4690-8113-98D775DE9A88}.Release|Any CPU.Build.0 = Release|Any CPU
		{FBDD1DCC-B804-4690-8113-98D775DE9A88}.Release|ARM.ActiveCfg = Release|Any CPU
		{FBDD1DCC-B804-4690-8113-98D775DE9A88}.Release|ARM.Build.0 = Release|Any CPU
		{FBDD1DCC-B804-4690-8113-98D775DE9A88}.Release|ARM64.ActiveCfg = Release|Any CPU
		{FBDD1DCC-B804-4690-8113-98D775DE9A88}.Release|ARM64.Build.0 = Release|Any CPU
		{FBDD1DCC-B804-4690-8113-98D775DE9A88}.Release|iPhone.ActiveCfg = Release|Any CPU
		{FBDD1DCC-B804-4690-8113-98D775DE9A88}.Release|iPhone.Build.0 = Release|Any CPU
		{FBDD1DCC-B804-4690-8113-98D775DE9A88}.Release|iPhoneSimulator.ActiveCfg = Release|Any CPU
		{FBDD1DCC-B804-4690-8113-98D775DE9A88}.Release|iPhoneSimulator.Build.0 = Release|Any CPU
		{FBDD1DCC-B804-4690-8113-98D775DE9A88}.Release|x64.ActiveCfg = Release|Any CPU
		{FBDD1DCC-B804-4690-8113-98D775DE9A88}.Release|x64.Build.0 = Release|Any CPU
		{FBDD1DCC-B804-4690-8113-98D775DE9A88}.Release|x86.ActiveCfg = Release|Any CPU
		{FBDD1DCC-B804-4690-8113-98D775DE9A88}.Release|x86.Build.0 = Release|Any CPU
		{34EFEC99-A6E9-4C5E-A4A3-CF62C8D2A3E1}.Debug|Any CPU.ActiveCfg = Debug|Any CPU
		{34EFEC99-A6E9-4C5E-A4A3-CF62C8D2A3E1}.Debug|Any CPU.Build.0 = Debug|Any CPU
		{34EFEC99-A6E9-4C5E-A4A3-CF62C8D2A3E1}.Debug|ARM.ActiveCfg = Debug|Any CPU
		{34EFEC99-A6E9-4C5E-A4A3-CF62C8D2A3E1}.Debug|ARM.Build.0 = Debug|Any CPU
		{34EFEC99-A6E9-4C5E-A4A3-CF62C8D2A3E1}.Debug|ARM64.ActiveCfg = Debug|Any CPU
		{34EFEC99-A6E9-4C5E-A4A3-CF62C8D2A3E1}.Debug|ARM64.Build.0 = Debug|Any CPU
		{34EFEC99-A6E9-4C5E-A4A3-CF62C8D2A3E1}.Debug|iPhone.ActiveCfg = Debug|Any CPU
		{34EFEC99-A6E9-4C5E-A4A3-CF62C8D2A3E1}.Debug|iPhone.Build.0 = Debug|Any CPU
		{34EFEC99-A6E9-4C5E-A4A3-CF62C8D2A3E1}.Debug|iPhoneSimulator.ActiveCfg = Debug|Any CPU
		{34EFEC99-A6E9-4C5E-A4A3-CF62C8D2A3E1}.Debug|iPhoneSimulator.Build.0 = Debug|Any CPU
		{34EFEC99-A6E9-4C5E-A4A3-CF62C8D2A3E1}.Debug|x64.ActiveCfg = Debug|Any CPU
		{34EFEC99-A6E9-4C5E-A4A3-CF62C8D2A3E1}.Debug|x64.Build.0 = Debug|Any CPU
		{34EFEC99-A6E9-4C5E-A4A3-CF62C8D2A3E1}.Debug|x86.ActiveCfg = Debug|Any CPU
		{34EFEC99-A6E9-4C5E-A4A3-CF62C8D2A3E1}.Debug|x86.Build.0 = Debug|Any CPU
		{34EFEC99-A6E9-4C5E-A4A3-CF62C8D2A3E1}.Gorilla|Any CPU.ActiveCfg = Gorilla|Any CPU
		{34EFEC99-A6E9-4C5E-A4A3-CF62C8D2A3E1}.Gorilla|Any CPU.Build.0 = Gorilla|Any CPU
		{34EFEC99-A6E9-4C5E-A4A3-CF62C8D2A3E1}.Gorilla|ARM.ActiveCfg = Gorilla|Any CPU
		{34EFEC99-A6E9-4C5E-A4A3-CF62C8D2A3E1}.Gorilla|ARM.Build.0 = Gorilla|Any CPU
		{34EFEC99-A6E9-4C5E-A4A3-CF62C8D2A3E1}.Gorilla|ARM64.ActiveCfg = Gorilla|Any CPU
		{34EFEC99-A6E9-4C5E-A4A3-CF62C8D2A3E1}.Gorilla|ARM64.Build.0 = Gorilla|Any CPU
		{34EFEC99-A6E9-4C5E-A4A3-CF62C8D2A3E1}.Gorilla|iPhone.ActiveCfg = Gorilla|Any CPU
		{34EFEC99-A6E9-4C5E-A4A3-CF62C8D2A3E1}.Gorilla|iPhone.Build.0 = Gorilla|Any CPU
		{34EFEC99-A6E9-4C5E-A4A3-CF62C8D2A3E1}.Gorilla|iPhoneSimulator.ActiveCfg = Gorilla|Any CPU
		{34EFEC99-A6E9-4C5E-A4A3-CF62C8D2A3E1}.Gorilla|iPhoneSimulator.Build.0 = Gorilla|Any CPU
		{34EFEC99-A6E9-4C5E-A4A3-CF62C8D2A3E1}.Gorilla|x64.ActiveCfg = Gorilla|Any CPU
		{34EFEC99-A6E9-4C5E-A4A3-CF62C8D2A3E1}.Gorilla|x64.Build.0 = Gorilla|Any CPU
		{34EFEC99-A6E9-4C5E-A4A3-CF62C8D2A3E1}.Gorilla|x86.ActiveCfg = Gorilla|Any CPU
		{34EFEC99-A6E9-4C5E-A4A3-CF62C8D2A3E1}.Gorilla|x86.Build.0 = Gorilla|Any CPU
		{34EFEC99-A6E9-4C5E-A4A3-CF62C8D2A3E1}.Release|Any CPU.ActiveCfg = Release|Any CPU
		{34EFEC99-A6E9-4C5E-A4A3-CF62C8D2A3E1}.Release|Any CPU.Build.0 = Release|Any CPU
		{34EFEC99-A6E9-4C5E-A4A3-CF62C8D2A3E1}.Release|ARM.ActiveCfg = Release|Any CPU
		{34EFEC99-A6E9-4C5E-A4A3-CF62C8D2A3E1}.Release|ARM.Build.0 = Release|Any CPU
		{34EFEC99-A6E9-4C5E-A4A3-CF62C8D2A3E1}.Release|ARM64.ActiveCfg = Release|Any CPU
		{34EFEC99-A6E9-4C5E-A4A3-CF62C8D2A3E1}.Release|ARM64.Build.0 = Release|Any CPU
		{34EFEC99-A6E9-4C5E-A4A3-CF62C8D2A3E1}.Release|iPhone.ActiveCfg = Release|Any CPU
		{34EFEC99-A6E9-4C5E-A4A3-CF62C8D2A3E1}.Release|iPhone.Build.0 = Release|Any CPU
		{34EFEC99-A6E9-4C5E-A4A3-CF62C8D2A3E1}.Release|iPhoneSimulator.ActiveCfg = Release|Any CPU
		{34EFEC99-A6E9-4C5E-A4A3-CF62C8D2A3E1}.Release|iPhoneSimulator.Build.0 = Release|Any CPU
		{34EFEC99-A6E9-4C5E-A4A3-CF62C8D2A3E1}.Release|x64.ActiveCfg = Release|Any CPU
		{34EFEC99-A6E9-4C5E-A4A3-CF62C8D2A3E1}.Release|x64.Build.0 = Release|Any CPU
		{34EFEC99-A6E9-4C5E-A4A3-CF62C8D2A3E1}.Release|x86.ActiveCfg = Release|Any CPU
		{34EFEC99-A6E9-4C5E-A4A3-CF62C8D2A3E1}.Release|x86.Build.0 = Release|Any CPU
		{69924835-CCFB-4764-A16F-F31295748C29}.Debug|Any CPU.ActiveCfg = Debug|Any CPU
		{69924835-CCFB-4764-A16F-F31295748C29}.Debug|Any CPU.Build.0 = Debug|Any CPU
		{69924835-CCFB-4764-A16F-F31295748C29}.Debug|ARM.ActiveCfg = Debug|Any CPU
		{69924835-CCFB-4764-A16F-F31295748C29}.Debug|ARM.Build.0 = Debug|Any CPU
		{69924835-CCFB-4764-A16F-F31295748C29}.Debug|ARM64.ActiveCfg = Debug|Any CPU
		{69924835-CCFB-4764-A16F-F31295748C29}.Debug|ARM64.Build.0 = Debug|Any CPU
		{69924835-CCFB-4764-A16F-F31295748C29}.Debug|iPhone.ActiveCfg = Debug|Any CPU
		{69924835-CCFB-4764-A16F-F31295748C29}.Debug|iPhone.Build.0 = Debug|Any CPU
		{69924835-CCFB-4764-A16F-F31295748C29}.Debug|iPhoneSimulator.ActiveCfg = Debug|Any CPU
		{69924835-CCFB-4764-A16F-F31295748C29}.Debug|iPhoneSimulator.Build.0 = Debug|Any CPU
		{69924835-CCFB-4764-A16F-F31295748C29}.Debug|x64.ActiveCfg = Debug|Any CPU
		{69924835-CCFB-4764-A16F-F31295748C29}.Debug|x64.Build.0 = Debug|Any CPU
		{69924835-CCFB-4764-A16F-F31295748C29}.Debug|x86.ActiveCfg = Debug|Any CPU
		{69924835-CCFB-4764-A16F-F31295748C29}.Debug|x86.Build.0 = Debug|Any CPU
		{69924835-CCFB-4764-A16F-F31295748C29}.Gorilla|Any CPU.ActiveCfg = Gorilla|Any CPU
		{69924835-CCFB-4764-A16F-F31295748C29}.Gorilla|Any CPU.Build.0 = Gorilla|Any CPU
		{69924835-CCFB-4764-A16F-F31295748C29}.Gorilla|ARM.ActiveCfg = Gorilla|Any CPU
		{69924835-CCFB-4764-A16F-F31295748C29}.Gorilla|ARM.Build.0 = Gorilla|Any CPU
		{69924835-CCFB-4764-A16F-F31295748C29}.Gorilla|ARM64.ActiveCfg = Gorilla|Any CPU
		{69924835-CCFB-4764-A16F-F31295748C29}.Gorilla|ARM64.Build.0 = Gorilla|Any CPU
		{69924835-CCFB-4764-A16F-F31295748C29}.Gorilla|iPhone.ActiveCfg = Gorilla|Any CPU
		{69924835-CCFB-4764-A16F-F31295748C29}.Gorilla|iPhone.Build.0 = Gorilla|Any CPU
		{69924835-CCFB-4764-A16F-F31295748C29}.Gorilla|iPhoneSimulator.ActiveCfg = Gorilla|Any CPU
		{69924835-CCFB-4764-A16F-F31295748C29}.Gorilla|iPhoneSimulator.Build.0 = Gorilla|Any CPU
		{69924835-CCFB-4764-A16F-F31295748C29}.Gorilla|x64.ActiveCfg = Gorilla|Any CPU
		{69924835-CCFB-4764-A16F-F31295748C29}.Gorilla|x64.Build.0 = Gorilla|Any CPU
		{69924835-CCFB-4764-A16F-F31295748C29}.Gorilla|x86.ActiveCfg = Gorilla|Any CPU
		{69924835-CCFB-4764-A16F-F31295748C29}.Gorilla|x86.Build.0 = Gorilla|Any CPU
		{69924835-CCFB-4764-A16F-F31295748C29}.Release|Any CPU.ActiveCfg = Release|Any CPU
		{69924835-CCFB-4764-A16F-F31295748C29}.Release|Any CPU.Build.0 = Release|Any CPU
		{69924835-CCFB-4764-A16F-F31295748C29}.Release|ARM.ActiveCfg = Release|Any CPU
		{69924835-CCFB-4764-A16F-F31295748C29}.Release|ARM.Build.0 = Release|Any CPU
		{69924835-CCFB-4764-A16F-F31295748C29}.Release|ARM64.ActiveCfg = Release|Any CPU
		{69924835-CCFB-4764-A16F-F31295748C29}.Release|ARM64.Build.0 = Release|Any CPU
		{69924835-CCFB-4764-A16F-F31295748C29}.Release|iPhone.ActiveCfg = Release|Any CPU
		{69924835-CCFB-4764-A16F-F31295748C29}.Release|iPhone.Build.0 = Release|Any CPU
		{69924835-CCFB-4764-A16F-F31295748C29}.Release|iPhoneSimulator.ActiveCfg = Release|Any CPU
		{69924835-CCFB-4764-A16F-F31295748C29}.Release|iPhoneSimulator.Build.0 = Release|Any CPU
		{69924835-CCFB-4764-A16F-F31295748C29}.Release|x64.ActiveCfg = Release|Any CPU
		{69924835-CCFB-4764-A16F-F31295748C29}.Release|x64.Build.0 = Release|Any CPU
		{69924835-CCFB-4764-A16F-F31295748C29}.Release|x86.ActiveCfg = Release|Any CPU
		{69924835-CCFB-4764-A16F-F31295748C29}.Release|x86.Build.0 = Release|Any CPU
		{DE4B3620-B011-4AB8-84D8-05E073DAB97E}.Debug|Any CPU.ActiveCfg = Debug|Any CPU
		{DE4B3620-B011-4AB8-84D8-05E073DAB97E}.Debug|Any CPU.Build.0 = Debug|Any CPU
		{DE4B3620-B011-4AB8-84D8-05E073DAB97E}.Debug|ARM.ActiveCfg = Debug|Any CPU
		{DE4B3620-B011-4AB8-84D8-05E073DAB97E}.Debug|ARM.Build.0 = Debug|Any CPU
		{DE4B3620-B011-4AB8-84D8-05E073DAB97E}.Debug|ARM64.ActiveCfg = Debug|Any CPU
		{DE4B3620-B011-4AB8-84D8-05E073DAB97E}.Debug|ARM64.Build.0 = Debug|Any CPU
		{DE4B3620-B011-4AB8-84D8-05E073DAB97E}.Debug|iPhone.ActiveCfg = Debug|Any CPU
		{DE4B3620-B011-4AB8-84D8-05E073DAB97E}.Debug|iPhone.Build.0 = Debug|Any CPU
		{DE4B3620-B011-4AB8-84D8-05E073DAB97E}.Debug|iPhoneSimulator.ActiveCfg = Debug|Any CPU
		{DE4B3620-B011-4AB8-84D8-05E073DAB97E}.Debug|iPhoneSimulator.Build.0 = Debug|Any CPU
		{DE4B3620-B011-4AB8-84D8-05E073DAB97E}.Debug|x64.ActiveCfg = Debug|Any CPU
		{DE4B3620-B011-4AB8-84D8-05E073DAB97E}.Debug|x64.Build.0 = Debug|Any CPU
		{DE4B3620-B011-4AB8-84D8-05E073DAB97E}.Debug|x86.ActiveCfg = Debug|Any CPU
		{DE4B3620-B011-4AB8-84D8-05E073DAB97E}.Debug|x86.Build.0 = Debug|Any CPU
		{DE4B3620-B011-4AB8-84D8-05E073DAB97E}.Gorilla|Any CPU.ActiveCfg = Debug|Any CPU
		{DE4B3620-B011-4AB8-84D8-05E073DAB97E}.Gorilla|Any CPU.Build.0 = Debug|Any CPU
		{DE4B3620-B011-4AB8-84D8-05E073DAB97E}.Gorilla|ARM.ActiveCfg = Debug|Any CPU
		{DE4B3620-B011-4AB8-84D8-05E073DAB97E}.Gorilla|ARM.Build.0 = Debug|Any CPU
		{DE4B3620-B011-4AB8-84D8-05E073DAB97E}.Gorilla|ARM64.ActiveCfg = Debug|Any CPU
		{DE4B3620-B011-4AB8-84D8-05E073DAB97E}.Gorilla|ARM64.Build.0 = Debug|Any CPU
		{DE4B3620-B011-4AB8-84D8-05E073DAB97E}.Gorilla|iPhone.ActiveCfg = Debug|Any CPU
		{DE4B3620-B011-4AB8-84D8-05E073DAB97E}.Gorilla|iPhone.Build.0 = Debug|Any CPU
		{DE4B3620-B011-4AB8-84D8-05E073DAB97E}.Gorilla|iPhoneSimulator.ActiveCfg = Debug|Any CPU
		{DE4B3620-B011-4AB8-84D8-05E073DAB97E}.Gorilla|iPhoneSimulator.Build.0 = Debug|Any CPU
		{DE4B3620-B011-4AB8-84D8-05E073DAB97E}.Gorilla|x64.ActiveCfg = Debug|Any CPU
		{DE4B3620-B011-4AB8-84D8-05E073DAB97E}.Gorilla|x64.Build.0 = Debug|Any CPU
		{DE4B3620-B011-4AB8-84D8-05E073DAB97E}.Gorilla|x86.ActiveCfg = Debug|Any CPU
		{DE4B3620-B011-4AB8-84D8-05E073DAB97E}.Gorilla|x86.Build.0 = Debug|Any CPU
		{DE4B3620-B011-4AB8-84D8-05E073DAB97E}.Release|Any CPU.ActiveCfg = Release|Any CPU
		{DE4B3620-B011-4AB8-84D8-05E073DAB97E}.Release|Any CPU.Build.0 = Release|Any CPU
		{DE4B3620-B011-4AB8-84D8-05E073DAB97E}.Release|ARM.ActiveCfg = Release|Any CPU
		{DE4B3620-B011-4AB8-84D8-05E073DAB97E}.Release|ARM.Build.0 = Release|Any CPU
		{DE4B3620-B011-4AB8-84D8-05E073DAB97E}.Release|ARM64.ActiveCfg = Release|Any CPU
		{DE4B3620-B011-4AB8-84D8-05E073DAB97E}.Release|ARM64.Build.0 = Release|Any CPU
		{DE4B3620-B011-4AB8-84D8-05E073DAB97E}.Release|iPhone.ActiveCfg = Release|Any CPU
		{DE4B3620-B011-4AB8-84D8-05E073DAB97E}.Release|iPhone.Build.0 = Release|Any CPU
		{DE4B3620-B011-4AB8-84D8-05E073DAB97E}.Release|iPhoneSimulator.ActiveCfg = Release|Any CPU
		{DE4B3620-B011-4AB8-84D8-05E073DAB97E}.Release|iPhoneSimulator.Build.0 = Release|Any CPU
		{DE4B3620-B011-4AB8-84D8-05E073DAB97E}.Release|x64.ActiveCfg = Release|Any CPU
		{DE4B3620-B011-4AB8-84D8-05E073DAB97E}.Release|x64.Build.0 = Release|Any CPU
		{DE4B3620-B011-4AB8-84D8-05E073DAB97E}.Release|x86.ActiveCfg = Release|Any CPU
		{DE4B3620-B011-4AB8-84D8-05E073DAB97E}.Release|x86.Build.0 = Release|Any CPU
		{448253EC-BF0C-4173-885B-F9F7B92D511C}.Debug|Any CPU.ActiveCfg = Debug|Any CPU
		{448253EC-BF0C-4173-885B-F9F7B92D511C}.Debug|Any CPU.Build.0 = Debug|Any CPU
		{448253EC-BF0C-4173-885B-F9F7B92D511C}.Debug|ARM.ActiveCfg = Debug|ARM
		{448253EC-BF0C-4173-885B-F9F7B92D511C}.Debug|ARM.Build.0 = Debug|ARM
		{448253EC-BF0C-4173-885B-F9F7B92D511C}.Debug|ARM64.ActiveCfg = Debug|ARM64
		{448253EC-BF0C-4173-885B-F9F7B92D511C}.Debug|ARM64.Build.0 = Debug|ARM64
		{448253EC-BF0C-4173-885B-F9F7B92D511C}.Debug|iPhone.ActiveCfg = Debug|Any CPU
		{448253EC-BF0C-4173-885B-F9F7B92D511C}.Debug|iPhone.Build.0 = Debug|Any CPU
		{448253EC-BF0C-4173-885B-F9F7B92D511C}.Debug|iPhoneSimulator.ActiveCfg = Debug|Any CPU
		{448253EC-BF0C-4173-885B-F9F7B92D511C}.Debug|iPhoneSimulator.Build.0 = Debug|Any CPU
		{448253EC-BF0C-4173-885B-F9F7B92D511C}.Debug|x64.ActiveCfg = Debug|x64
		{448253EC-BF0C-4173-885B-F9F7B92D511C}.Debug|x64.Build.0 = Debug|x64
		{448253EC-BF0C-4173-885B-F9F7B92D511C}.Debug|x86.ActiveCfg = Debug|x86
		{448253EC-BF0C-4173-885B-F9F7B92D511C}.Debug|x86.Build.0 = Debug|x86
		{448253EC-BF0C-4173-885B-F9F7B92D511C}.Gorilla|Any CPU.ActiveCfg = Debug|Any CPU
		{448253EC-BF0C-4173-885B-F9F7B92D511C}.Gorilla|Any CPU.Build.0 = Debug|Any CPU
		{448253EC-BF0C-4173-885B-F9F7B92D511C}.Gorilla|ARM.ActiveCfg = Debug|ARM
		{448253EC-BF0C-4173-885B-F9F7B92D511C}.Gorilla|ARM.Build.0 = Debug|ARM
		{448253EC-BF0C-4173-885B-F9F7B92D511C}.Gorilla|ARM64.ActiveCfg = Debug|ARM64
		{448253EC-BF0C-4173-885B-F9F7B92D511C}.Gorilla|ARM64.Build.0 = Debug|ARM64
		{448253EC-BF0C-4173-885B-F9F7B92D511C}.Gorilla|iPhone.ActiveCfg = Debug|Any CPU
		{448253EC-BF0C-4173-885B-F9F7B92D511C}.Gorilla|iPhone.Build.0 = Debug|Any CPU
		{448253EC-BF0C-4173-885B-F9F7B92D511C}.Gorilla|iPhoneSimulator.ActiveCfg = Debug|Any CPU
		{448253EC-BF0C-4173-885B-F9F7B92D511C}.Gorilla|iPhoneSimulator.Build.0 = Debug|Any CPU
		{448253EC-BF0C-4173-885B-F9F7B92D511C}.Gorilla|x64.ActiveCfg = Debug|x64
		{448253EC-BF0C-4173-885B-F9F7B92D511C}.Gorilla|x64.Build.0 = Debug|x64
		{448253EC-BF0C-4173-885B-F9F7B92D511C}.Gorilla|x86.ActiveCfg = Debug|x86
		{448253EC-BF0C-4173-885B-F9F7B92D511C}.Gorilla|x86.Build.0 = Debug|x86
		{448253EC-BF0C-4173-885B-F9F7B92D511C}.Release|Any CPU.ActiveCfg = Release|Any CPU
		{448253EC-BF0C-4173-885B-F9F7B92D511C}.Release|Any CPU.Build.0 = Release|Any CPU
		{448253EC-BF0C-4173-885B-F9F7B92D511C}.Release|ARM.ActiveCfg = Release|ARM
		{448253EC-BF0C-4173-885B-F9F7B92D511C}.Release|ARM.Build.0 = Release|ARM
		{448253EC-BF0C-4173-885B-F9F7B92D511C}.Release|ARM64.ActiveCfg = Release|ARM64
		{448253EC-BF0C-4173-885B-F9F7B92D511C}.Release|ARM64.Build.0 = Release|ARM64
		{448253EC-BF0C-4173-885B-F9F7B92D511C}.Release|iPhone.ActiveCfg = Release|Any CPU
		{448253EC-BF0C-4173-885B-F9F7B92D511C}.Release|iPhone.Build.0 = Release|Any CPU
		{448253EC-BF0C-4173-885B-F9F7B92D511C}.Release|iPhoneSimulator.ActiveCfg = Release|Any CPU
		{448253EC-BF0C-4173-885B-F9F7B92D511C}.Release|iPhoneSimulator.Build.0 = Release|Any CPU
		{448253EC-BF0C-4173-885B-F9F7B92D511C}.Release|x64.ActiveCfg = Release|x64
		{448253EC-BF0C-4173-885B-F9F7B92D511C}.Release|x64.Build.0 = Release|x64
		{448253EC-BF0C-4173-885B-F9F7B92D511C}.Release|x86.ActiveCfg = Release|x86
		{448253EC-BF0C-4173-885B-F9F7B92D511C}.Release|x86.Build.0 = Release|x86
	EndGlobalSection
	GlobalSection(SolutionProperties) = preSolution
		HideSolutionNode = FALSE
	EndGlobalSection
	GlobalSection(NestedProjects) = preSolution
		{FBDD1DCC-B804-4690-8113-98D775DE9A88} = {9D14DDBA-90B4-4137-A336-68FB507876DE}
		{34EFEC99-A6E9-4C5E-A4A3-CF62C8D2A3E1} = {9D14DDBA-90B4-4137-A336-68FB507876DE}
		{69924835-CCFB-4764-A16F-F31295748C29} = {9D14DDBA-90B4-4137-A336-68FB507876DE}
		{DE4B3620-B011-4AB8-84D8-05E073DAB97E} = {9D14DDBA-90B4-4137-A336-68FB507876DE}
		{448253EC-BF0C-4173-885B-F9F7B92D511C} = {9D14DDBA-90B4-4137-A336-68FB507876DE}
	EndGlobalSection
	GlobalSection(ExtensibilityGlobals) = postSolution
		SolutionGuid = {94ED3F1D-2067-41B9-AC8D-D43FA404BE49}
	EndGlobalSection
EndGlobal
