
Microsoft Visual Studio Solution File, Format Version 12.00
# Visual Studio Version 16
VisualStudioVersion = 16.0.30611.23
MinimumVisualStudioVersion = 10.0.40219.1
Project("{9A19103F-16F7-4668-BE54-9A1E7A4F7556}") = "Kit", "..\..\Kit\Kit\Kit.csproj", "{FBDD1DCC-B804-4690-8113-98D775DE9A88}"
EndProject
Project("{9A19103F-16F7-4668-BE54-9A1E7A4F7556}") = "SOEAPI", "SOEAPI\SOEAPI.csproj", "{5931EFF2-22E6-42FB-8EB9-60B2C1468456}"
EndProject
Project("{9A19103F-16F7-4668-BE54-9A1E7A4F7556}") = "APIModels", "APIModels\APIModels.csproj", "{2A23810F-E1DC-4005-A55E-BDD18B341790}"
EndProject
Global
	GlobalSection(SolutionConfigurationPlatforms) = preSolution
		Debug|Any CPU = Debug|Any CPU
		Debug|ARM = Debug|ARM
		Debug|ARM64 = Debug|ARM64
		Debug|iPhone = Debug|iPhone
		Debug|iPhoneSimulator = Debug|iPhoneSimulator
		Debug|x64 = Debug|x64
		Debug|x86 = Debug|x86
		Debug2|Any CPU = Debug2|Any CPU
		Debug2|ARM = Debug2|ARM
		Debug2|ARM64 = Debug2|ARM64
		Debug2|iPhone = Debug2|iPhone
		Debug2|iPhoneSimulator = Debug2|iPhoneSimulator
		Debug2|x64 = Debug2|x64
		Debug2|x86 = Debug2|x86
		Gorilla|Any CPU = Gorilla|Any CPU
		Gorilla|ARM = Gorilla|ARM
		Gorilla|ARM64 = Gorilla|ARM64
		Gorilla|iPhone = Gorilla|iPhone
		Gorilla|iPhoneSimulator = Gorilla|iPhoneSimulator
		Gorilla|x64 = Gorilla|x64
		Gorilla|x86 = Gorilla|x86
		Release|Any CPU = Release|Any CPU
		Release|ARM = Release|ARM
		Release|ARM64 = Release|ARM64
		Release|iPhone = Release|iPhone
		Release|iPhoneSimulator = Release|iPhoneSimulator
		Release|x64 = Release|x64
		Release|x86 = Release|x86
		x64|Any CPU = x64|Any CPU
		x64|ARM = x64|ARM
		x64|ARM64 = x64|ARM64
		x64|iPhone = x64|iPhone
		x64|iPhoneSimulator = x64|iPhoneSimulator
		x64|x64 = x64|x64
		x64|x86 = x64|x86
	EndGlobalSection
	GlobalSection(ProjectConfigurationPlatforms) = postSolution
		{FBDD1DCC-B804-4690-8113-98D775DE9A88}.Debug|Any CPU.ActiveCfg = Debug|Any CPU
		{FBDD1DCC-B804-4690-8113-98D775DE9A88}.Debug|Any CPU.Build.0 = Debug|Any CPU
		{FBDD1DCC-B804-4690-8113-98D775DE9A88}.Debug|ARM.ActiveCfg = Debug|Any CPU
		{FBDD1DCC-B804-4690-8113-98D775DE9A88}.Debug|ARM.Build.0 = Debug|Any CPU
		{FBDD1DCC-B804-4690-8113-98D775DE9A88}.Debug|ARM64.ActiveCfg = Debug|Any CPU
		{FBDD1DCC-B804-4690-8113-98D775DE9A88}.Debug|ARM64.Build.0 = Debug|Any CPU
		{FBDD1DCC-B804-4690-8113-98D775DE9A88}.Debug|iPhone.ActiveCfg = Debug|Any CPU
		{FBDD1DCC-B804-4690-8113-98D775DE9A88}.Debug|iPhone.Build.0 = Debug|Any CPU
		{FBDD1DCC-B804-4690-8113-98D775DE9A88}.Debug|iPhoneSimulator.ActiveCfg = Debug|Any CPU
		{FBDD1DCC-B804-4690-8113-98D775DE9A88}.Debug|iPhoneSimulator.Build.0 = Debug|Any CPU
		{FBDD1DCC-B804-4690-8113-98D775DE9A88}.Debug|x64.ActiveCfg = Debug|Any CPU
		{FBDD1DCC-B804-4690-8113-98D775DE9A88}.Debug|x64.Build.0 = Debug|Any CPU
		{FBDD1DCC-B804-4690-8113-98D775DE9A88}.Debug|x86.ActiveCfg = Debug|Any CPU
		{FBDD1DCC-B804-4690-8113-98D775DE9A88}.Debug|x86.Build.0 = Debug|Any CPU
		{FBDD1DCC-B804-4690-8113-98D775DE9A88}.Debug2|Any CPU.ActiveCfg = Debug2|Any CPU
		{FBDD1DCC-B804-4690-8113-98D775DE9A88}.Debug2|Any CPU.Build.0 = Debug2|Any CPU
		{FBDD1DCC-B804-4690-8113-98D775DE9A88}.Debug2|ARM.ActiveCfg = Debug2|Any CPU
		{FBDD1DCC-B804-4690-8113-98D775DE9A88}.Debug2|ARM.Build.0 = Debug2|Any CPU
		{FBDD1DCC-B804-4690-8113-98D775DE9A88}.Debug2|ARM64.ActiveCfg = Debug2|Any CPU
		{FBDD1DCC-B804-4690-8113-98D775DE9A88}.Debug2|ARM64.Build.0 = Debug2|Any CPU
		{FBDD1DCC-B804-4690-8113-98D775DE9A88}.Debug2|iPhone.ActiveCfg = Debug2|Any CPU
		{FBDD1DCC-B804-4690-8113-98D775DE9A88}.Debug2|iPhone.Build.0 = Debug2|Any CPU
		{FBDD1DCC-B804-4690-8113-98D775DE9A88}.Debug2|iPhoneSimulator.ActiveCfg = Debug2|Any CPU
		{FBDD1DCC-B804-4690-8113-98D775DE9A88}.Debug2|iPhoneSimulator.Build.0 = Debug2|Any CPU
		{FBDD1DCC-B804-4690-8113-98D775DE9A88}.Debug2|x64.ActiveCfg = Debug2|x64
		{FBDD1DCC-B804-4690-8113-98D775DE9A88}.Debug2|x64.Build.0 = Debug2|x64
		{FBDD1DCC-B804-4690-8113-98D775DE9A88}.Debug2|x86.ActiveCfg = Debug2|Any CPU
		{FBDD1DCC-B804-4690-8113-98D775DE9A88}.Debug2|x86.Build.0 = Debug2|Any CPU
		{FBDD1DCC-B804-4690-8113-98D775DE9A88}.Gorilla|Any CPU.ActiveCfg = Gorilla|Any CPU
		{FBDD1DCC-B804-4690-8113-98D775DE9A88}.Gorilla|Any CPU.Build.0 = Gorilla|Any CPU
		{FBDD1DCC-B804-4690-8113-98D775DE9A88}.Gorilla|ARM.ActiveCfg = Gorilla|Any CPU
		{FBDD1DCC-B804-4690-8113-98D775DE9A88}.Gorilla|ARM.Build.0 = Gorilla|Any CPU
		{FBDD1DCC-B804-4690-8113-98D775DE9A88}.Gorilla|ARM64.ActiveCfg = Gorilla|Any CPU
		{FBDD1DCC-B804-4690-8113-98D775DE9A88}.Gorilla|ARM64.Build.0 = Gorilla|Any CPU
		{FBDD1DCC-B804-4690-8113-98D775DE9A88}.Gorilla|iPhone.ActiveCfg = Gorilla|Any CPU
		{FBDD1DCC-B804-4690-8113-98D775DE9A88}.Gorilla|iPhone.Build.0 = Gorilla|Any CPU
		{FBDD1DCC-B804-4690-8113-98D775DE9A88}.Gorilla|iPhoneSimulator.ActiveCfg = Gorilla|Any CPU
		{FBDD1DCC-B804-4690-8113-98D775DE9A88}.Gorilla|iPhoneSimulator.Build.0 = Gorilla|Any CPU
		{FBDD1DCC-B804-4690-8113-98D775DE9A88}.Gorilla|x64.ActiveCfg = Gorilla|x64
		{FBDD1DCC-B804-4690-8113-98D775DE9A88}.Gorilla|x64.Build.0 = Gorilla|x64
		{FBDD1DCC-B804-4690-8113-98D775DE9A88}.Gorilla|x86.ActiveCfg = Gorilla|Any CPU
		{FBDD1DCC-B804-4690-8113-98D775DE9A88}.Gorilla|x86.Build.0 = Gorilla|Any CPU
		{FBDD1DCC-B804-4690-8113-98D775DE9A88}.Release|Any CPU.ActiveCfg = Release|Any CPU
		{FBDD1DCC-B804-4690-8113-98D775DE9A88}.Release|Any CPU.Build.0 = Release|Any CPU
		{FBDD1DCC-B804-4690-8113-98D775DE9A88}.Release|ARM.ActiveCfg = Release|Any CPU
		{FBDD1DCC-B804-4690-8113-98D775DE9A88}.Release|ARM.Build.0 = Release|Any CPU
		{FBDD1DCC-B804-4690-8113-98D775DE9A88}.Release|ARM64.ActiveCfg = Release|Any CPU
		{FBDD1DCC-B804-4690-8113-98D775DE9A88}.Release|ARM64.Build.0 = Release|Any CPU
		{FBDD1DCC-B804-4690-8113-98D775DE9A88}.Release|iPhone.ActiveCfg = Release|Any CPU
		{FBDD1DCC-B804-4690-8113-98D775DE9A88}.Release|iPhone.Build.0 = Release|Any CPU
		{FBDD1DCC-B804-4690-8113-98D775DE9A88}.Release|iPhoneSimulator.ActiveCfg = Release|Any CPU
		{FBDD1DCC-B804-4690-8113-98D775DE9A88}.Release|iPhoneSimulator.Build.0 = Release|Any CPU
		{FBDD1DCC-B804-4690-8113-98D775DE9A88}.Release|x64.ActiveCfg = Release|Any CPU
		{FBDD1DCC-B804-4690-8113-98D775DE9A88}.Release|x64.Build.0 = Release|Any CPU
		{FBDD1DCC-B804-4690-8113-98D775DE9A88}.Release|x86.ActiveCfg = Release|Any CPU
		{FBDD1DCC-B804-4690-8113-98D775DE9A88}.Release|x86.Build.0 = Release|Any CPU
		{FBDD1DCC-B804-4690-8113-98D775DE9A88}.x64|Any CPU.ActiveCfg = x64|Any CPU
		{FBDD1DCC-B804-4690-8113-98D775DE9A88}.x64|Any CPU.Build.0 = x64|Any CPU
		{FBDD1DCC-B804-4690-8113-98D775DE9A88}.x64|ARM.ActiveCfg = x64|Any CPU
		{FBDD1DCC-B804-4690-8113-98D775DE9A88}.x64|ARM.Build.0 = x64|Any CPU
		{FBDD1DCC-B804-4690-8113-98D775DE9A88}.x64|ARM64.ActiveCfg = x64|Any CPU
		{FBDD1DCC-B804-4690-8113-98D775DE9A88}.x64|ARM64.Build.0 = x64|Any CPU
		{FBDD1DCC-B804-4690-8113-98D775DE9A88}.x64|iPhone.ActiveCfg = x64|Any CPU
		{FBDD1DCC-B804-4690-8113-98D775DE9A88}.x64|iPhone.Build.0 = x64|Any CPU
		{FBDD1DCC-B804-4690-8113-98D775DE9A88}.x64|iPhoneSimulator.ActiveCfg = x64|Any CPU
		{FBDD1DCC-B804-4690-8113-98D775DE9A88}.x64|iPhoneSimulator.Build.0 = x64|Any CPU
		{FBDD1DCC-B804-4690-8113-98D775DE9A88}.x64|x64.ActiveCfg = x64|x64
		{FBDD1DCC-B804-4690-8113-98D775DE9A88}.x64|x64.Build.0 = x64|x64
		{FBDD1DCC-B804-4690-8113-98D775DE9A88}.x64|x86.ActiveCfg = x64|Any CPU
		{FBDD1DCC-B804-4690-8113-98D775DE9A88}.x64|x86.Build.0 = x64|Any CPU
		{5931EFF2-22E6-42FB-8EB9-60B2C1468456}.Debug|Any CPU.ActiveCfg = Debug|Any CPU
		{5931EFF2-22E6-42FB-8EB9-60B2C1468456}.Debug|Any CPU.Build.0 = Debug|Any CPU
		{5931EFF2-22E6-42FB-8EB9-60B2C1468456}.Debug|ARM.ActiveCfg = Debug|Any CPU
		{5931EFF2-22E6-42FB-8EB9-60B2C1468456}.Debug|ARM.Build.0 = Debug|Any CPU
		{5931EFF2-22E6-42FB-8EB9-60B2C1468456}.Debug|ARM64.ActiveCfg = Debug|Any CPU
		{5931EFF2-22E6-42FB-8EB9-60B2C1468456}.Debug|ARM64.Build.0 = Debug|Any CPU
		{5931EFF2-22E6-42FB-8EB9-60B2C1468456}.Debug|iPhone.ActiveCfg = Debug|Any CPU
		{5931EFF2-22E6-42FB-8EB9-60B2C1468456}.Debug|iPhone.Build.0 = Debug|Any CPU
		{5931EFF2-22E6-42FB-8EB9-60B2C1468456}.Debug|iPhoneSimulator.ActiveCfg = Debug|Any CPU
		{5931EFF2-22E6-42FB-8EB9-60B2C1468456}.Debug|iPhoneSimulator.Build.0 = Debug|Any CPU
		{5931EFF2-22E6-42FB-8EB9-60B2C1468456}.Debug|x64.ActiveCfg = Debug|Any CPU
		{5931EFF2-22E6-42FB-8EB9-60B2C1468456}.Debug|x64.Build.0 = Debug|Any CPU
		{5931EFF2-22E6-42FB-8EB9-60B2C1468456}.Debug|x86.ActiveCfg = Debug|Any CPU
		{5931EFF2-22E6-42FB-8EB9-60B2C1468456}.Debug|x86.Build.0 = Debug|Any CPU
		{5931EFF2-22E6-42FB-8EB9-60B2C1468456}.Debug2|Any CPU.ActiveCfg = Debug|Any CPU
		{5931EFF2-22E6-42FB-8EB9-60B2C1468456}.Debug2|Any CPU.Build.0 = Debug|Any CPU
		{5931EFF2-22E6-42FB-8EB9-60B2C1468456}.Debug2|ARM.ActiveCfg = Debug|Any CPU
		{5931EFF2-22E6-42FB-8EB9-60B2C1468456}.Debug2|ARM.Build.0 = Debug|Any CPU
		{5931EFF2-22E6-42FB-8EB9-60B2C1468456}.Debug2|ARM64.ActiveCfg = Debug|Any CPU
		{5931EFF2-22E6-42FB-8EB9-60B2C1468456}.Debug2|ARM64.Build.0 = Debug|Any CPU
		{5931EFF2-22E6-42FB-8EB9-60B2C1468456}.Debug2|iPhone.ActiveCfg = Debug|Any CPU
		{5931EFF2-22E6-42FB-8EB9-60B2C1468456}.Debug2|iPhone.Build.0 = Debug|Any CPU
		{5931EFF2-22E6-42FB-8EB9-60B2C1468456}.Debug2|iPhoneSimulator.ActiveCfg = Debug|Any CPU
		{5931EFF2-22E6-42FB-8EB9-60B2C1468456}.Debug2|iPhoneSimulator.Build.0 = Debug|Any CPU
		{5931EFF2-22E6-42FB-8EB9-60B2C1468456}.Debug2|x64.ActiveCfg = Debug|Any CPU
		{5931EFF2-22E6-42FB-8EB9-60B2C1468456}.Debug2|x64.Build.0 = Debug|Any CPU
		{5931EFF2-22E6-42FB-8EB9-60B2C1468456}.Debug2|x86.ActiveCfg = Debug|Any CPU
		{5931EFF2-22E6-42FB-8EB9-60B2C1468456}.Debug2|x86.Build.0 = Debug|Any CPU
		{5931EFF2-22E6-42FB-8EB9-60B2C1468456}.Gorilla|Any CPU.ActiveCfg = Release|Any CPU
		{5931EFF2-22E6-42FB-8EB9-60B2C1468456}.Gorilla|Any CPU.Build.0 = Release|Any CPU
		{5931EFF2-22E6-42FB-8EB9-60B2C1468456}.Gorilla|ARM.ActiveCfg = Release|Any CPU
		{5931EFF2-22E6-42FB-8EB9-60B2C1468456}.Gorilla|ARM.Build.0 = Release|Any CPU
		{5931EFF2-22E6-42FB-8EB9-60B2C1468456}.Gorilla|ARM64.ActiveCfg = Release|Any CPU
		{5931EFF2-22E6-42FB-8EB9-60B2C1468456}.Gorilla|ARM64.Build.0 = Release|Any CPU
		{5931EFF2-22E6-42FB-8EB9-60B2C1468456}.Gorilla|iPhone.ActiveCfg = Release|Any CPU
		{5931EFF2-22E6-42FB-8EB9-60B2C1468456}.Gorilla|iPhone.Build.0 = Release|Any CPU
		{5931EFF2-22E6-42FB-8EB9-60B2C1468456}.Gorilla|iPhoneSimulator.ActiveCfg = Release|Any CPU
		{5931EFF2-22E6-42FB-8EB9-60B2C1468456}.Gorilla|iPhoneSimulator.Build.0 = Release|Any CPU
		{5931EFF2-22E6-42FB-8EB9-60B2C1468456}.Gorilla|x64.ActiveCfg = Release|Any CPU
		{5931EFF2-22E6-42FB-8EB9-60B2C1468456}.Gorilla|x64.Build.0 = Release|Any CPU
		{5931EFF2-22E6-42FB-8EB9-60B2C1468456}.Gorilla|x86.ActiveCfg = Release|Any CPU
		{5931EFF2-22E6-42FB-8EB9-60B2C1468456}.Gorilla|x86.Build.0 = Release|Any CPU
		{5931EFF2-22E6-42FB-8EB9-60B2C1468456}.Release|Any CPU.ActiveCfg = Release|Any CPU
		{5931EFF2-22E6-42FB-8EB9-60B2C1468456}.Release|Any CPU.Build.0 = Release|Any CPU
		{5931EFF2-22E6-42FB-8EB9-60B2C1468456}.Release|ARM.ActiveCfg = Release|Any CPU
		{5931EFF2-22E6-42FB-8EB9-60B2C1468456}.Release|ARM.Build.0 = Release|Any CPU
		{5931EFF2-22E6-42FB-8EB9-60B2C1468456}.Release|ARM64.ActiveCfg = Release|Any CPU
		{5931EFF2-22E6-42FB-8EB9-60B2C1468456}.Release|ARM64.Build.0 = Release|Any CPU
		{5931EFF2-22E6-42FB-8EB9-60B2C1468456}.Release|iPhone.ActiveCfg = Release|Any CPU
		{5931EFF2-22E6-42FB-8EB9-60B2C1468456}.Release|iPhone.Build.0 = Release|Any CPU
		{5931EFF2-22E6-42FB-8EB9-60B2C1468456}.Release|iPhoneSimulator.ActiveCfg = Release|Any CPU
		{5931EFF2-22E6-42FB-8EB9-60B2C1468456}.Release|iPhoneSimulator.Build.0 = Release|Any CPU
		{5931EFF2-22E6-42FB-8EB9-60B2C1468456}.Release|x64.ActiveCfg = Release|Any CPU
		{5931EFF2-22E6-42FB-8EB9-60B2C1468456}.Release|x64.Build.0 = Release|Any CPU
		{5931EFF2-22E6-42FB-8EB9-60B2C1468456}.Release|x86.ActiveCfg = Release|Any CPU
		{5931EFF2-22E6-42FB-8EB9-60B2C1468456}.Release|x86.Build.0 = Release|Any CPU
		{5931EFF2-22E6-42FB-8EB9-60B2C1468456}.x64|Any CPU.ActiveCfg = Release|Any CPU
		{5931EFF2-22E6-42FB-8EB9-60B2C1468456}.x64|Any CPU.Build.0 = Release|Any CPU
		{5931EFF2-22E6-42FB-8EB9-60B2C1468456}.x64|ARM.ActiveCfg = Release|Any CPU
		{5931EFF2-22E6-42FB-8EB9-60B2C1468456}.x64|ARM.Build.0 = Release|Any CPU
		{5931EFF2-22E6-42FB-8EB9-60B2C1468456}.x64|ARM64.ActiveCfg = Release|Any CPU
		{5931EFF2-22E6-42FB-8EB9-60B2C1468456}.x64|ARM64.Build.0 = Release|Any CPU
		{5931EFF2-22E6-42FB-8EB9-60B2C1468456}.x64|iPhone.ActiveCfg = Release|Any CPU
		{5931EFF2-22E6-42FB-8EB9-60B2C1468456}.x64|iPhone.Build.0 = Release|Any CPU
		{5931EFF2-22E6-42FB-8EB9-60B2C1468456}.x64|iPhoneSimulator.ActiveCfg = Release|Any CPU
		{5931EFF2-22E6-42FB-8EB9-60B2C1468456}.x64|iPhoneSimulator.Build.0 = Release|Any CPU
		{5931EFF2-22E6-42FB-8EB9-60B2C1468456}.x64|x64.ActiveCfg = Release|Any CPU
		{5931EFF2-22E6-42FB-8EB9-60B2C1468456}.x64|x64.Build.0 = Release|Any CPU
		{5931EFF2-22E6-42FB-8EB9-60B2C1468456}.x64|x86.ActiveCfg = Release|Any CPU
		{5931EFF2-22E6-42FB-8EB9-60B2C1468456}.x64|x86.Build.0 = Release|Any CPU
		{2A23810F-E1DC-4005-A55E-BDD18B341790}.Debug|Any CPU.ActiveCfg = Debug|Any CPU
		{2A23810F-E1DC-4005-A55E-BDD18B341790}.Debug|Any CPU.Build.0 = Debug|Any CPU
		{2A23810F-E1DC-4005-A55E-BDD18B341790}.Debug|ARM.ActiveCfg = Debug|Any CPU
		{2A23810F-E1DC-4005-A55E-BDD18B341790}.Debug|ARM.Build.0 = Debug|Any CPU
		{2A23810F-E1DC-4005-A55E-BDD18B341790}.Debug|ARM64.ActiveCfg = Debug|Any CPU
		{2A23810F-E1DC-4005-A55E-BDD18B341790}.Debug|ARM64.Build.0 = Debug|Any CPU
		{2A23810F-E1DC-4005-A55E-BDD18B341790}.Debug|iPhone.ActiveCfg = Debug|Any CPU
		{2A23810F-E1DC-4005-A55E-BDD18B341790}.Debug|iPhone.Build.0 = Debug|Any CPU
		{2A23810F-E1DC-4005-A55E-BDD18B341790}.Debug|iPhoneSimulator.ActiveCfg = Debug|Any CPU
		{2A23810F-E1DC-4005-A55E-BDD18B341790}.Debug|iPhoneSimulator.Build.0 = Debug|Any CPU
		{2A23810F-E1DC-4005-A55E-BDD18B341790}.Debug|x64.ActiveCfg = Debug|Any CPU
		{2A23810F-E1DC-4005-A55E-BDD18B341790}.Debug|x64.Build.0 = Debug|Any CPU
		{2A23810F-E1DC-4005-A55E-BDD18B341790}.Debug|x86.ActiveCfg = Debug|Any CPU
		{2A23810F-E1DC-4005-A55E-BDD18B341790}.Debug|x86.Build.0 = Debug|Any CPU
		{2A23810F-E1DC-4005-A55E-BDD18B341790}.Debug2|Any CPU.ActiveCfg = Debug|Any CPU
		{2A23810F-E1DC-4005-A55E-BDD18B341790}.Debug2|Any CPU.Build.0 = Debug|Any CPU
		{2A23810F-E1DC-4005-A55E-BDD18B341790}.Debug2|ARM.ActiveCfg = Debug|Any CPU
		{2A23810F-E1DC-4005-A55E-BDD18B341790}.Debug2|ARM.Build.0 = Debug|Any CPU
		{2A23810F-E1DC-4005-A55E-BDD18B341790}.Debug2|ARM64.ActiveCfg = Debug|Any CPU
		{2A23810F-E1DC-4005-A55E-BDD18B341790}.Debug2|ARM64.Build.0 = Debug|Any CPU
		{2A23810F-E1DC-4005-A55E-BDD18B341790}.Debug2|iPhone.ActiveCfg = Debug|Any CPU
		{2A23810F-E1DC-4005-A55E-BDD18B341790}.Debug2|iPhone.Build.0 = Debug|Any CPU
		{2A23810F-E1DC-4005-A55E-BDD18B341790}.Debug2|iPhoneSimulator.ActiveCfg = Debug|Any CPU
		{2A23810F-E1DC-4005-A55E-BDD18B341790}.Debug2|iPhoneSimulator.Build.0 = Debug|Any CPU
		{2A23810F-E1DC-4005-A55E-BDD18B341790}.Debug2|x64.ActiveCfg = Debug|Any CPU
		{2A23810F-E1DC-4005-A55E-BDD18B341790}.Debug2|x64.Build.0 = Debug|Any CPU
		{2A23810F-E1DC-4005-A55E-BDD18B341790}.Debug2|x86.ActiveCfg = Debug|Any CPU
		{2A23810F-E1DC-4005-A55E-BDD18B341790}.Debug2|x86.Build.0 = Debug|Any CPU
		{2A23810F-E1DC-4005-A55E-BDD18B341790}.Gorilla|Any CPU.ActiveCfg = Release|Any CPU
		{2A23810F-E1DC-4005-A55E-BDD18B341790}.Gorilla|Any CPU.Build.0 = Release|Any CPU
		{2A23810F-E1DC-4005-A55E-BDD18B341790}.Gorilla|ARM.ActiveCfg = Release|Any CPU
		{2A23810F-E1DC-4005-A55E-BDD18B341790}.Gorilla|ARM.Build.0 = Release|Any CPU
		{2A23810F-E1DC-4005-A55E-BDD18B341790}.Gorilla|ARM64.ActiveCfg = Release|Any CPU
		{2A23810F-E1DC-4005-A55E-BDD18B341790}.Gorilla|ARM64.Build.0 = Release|Any CPU
		{2A23810F-E1DC-4005-A55E-BDD18B341790}.Gorilla|iPhone.ActiveCfg = Release|Any CPU
		{2A23810F-E1DC-4005-A55E-BDD18B341790}.Gorilla|iPhone.Build.0 = Release|Any CPU
		{2A23810F-E1DC-4005-A55E-BDD18B341790}.Gorilla|iPhoneSimulator.ActiveCfg = Release|Any CPU
		{2A23810F-E1DC-4005-A55E-BDD18B341790}.Gorilla|iPhoneSimulator.Build.0 = Release|Any CPU
		{2A23810F-E1DC-4005-A55E-BDD18B341790}.Gorilla|x64.ActiveCfg = Release|Any CPU
		{2A23810F-E1DC-4005-A55E-BDD18B341790}.Gorilla|x64.Build.0 = Release|Any CPU
		{2A23810F-E1DC-4005-A55E-BDD18B341790}.Gorilla|x86.ActiveCfg = Release|Any CPU
		{2A23810F-E1DC-4005-A55E-BDD18B341790}.Gorilla|x86.Build.0 = Release|Any CPU
		{2A23810F-E1DC-4005-A55E-BDD18B341790}.Release|Any CPU.ActiveCfg = Release|Any CPU
		{2A23810F-E1DC-4005-A55E-BDD18B341790}.Release|Any CPU.Build.0 = Release|Any CPU
		{2A23810F-E1DC-4005-A55E-BDD18B341790}.Release|ARM.ActiveCfg = Release|Any CPU
		{2A23810F-E1DC-4005-A55E-BDD18B341790}.Release|ARM.Build.0 = Release|Any CPU
		{2A23810F-E1DC-4005-A55E-BDD18B341790}.Release|ARM64.ActiveCfg = Release|Any CPU
		{2A23810F-E1DC-4005-A55E-BDD18B341790}.Release|ARM64.Build.0 = Release|Any CPU
		{2A23810F-E1DC-4005-A55E-BDD18B341790}.Release|iPhone.ActiveCfg = Release|Any CPU
		{2A23810F-E1DC-4005-A55E-BDD18B341790}.Release|iPhone.Build.0 = Release|Any CPU
		{2A23810F-E1DC-4005-A55E-BDD18B341790}.Release|iPhoneSimulator.ActiveCfg = Release|Any CPU
		{2A23810F-E1DC-4005-A55E-BDD18B341790}.Release|iPhoneSimulator.Build.0 = Release|Any CPU
		{2A23810F-E1DC-4005-A55E-BDD18B341790}.Release|x64.ActiveCfg = Release|Any CPU
		{2A23810F-E1DC-4005-A55E-BDD18B341790}.Release|x64.Build.0 = Release|Any CPU
		{2A23810F-E1DC-4005-A55E-BDD18B341790}.Release|x86.ActiveCfg = Release|Any CPU
		{2A23810F-E1DC-4005-A55E-BDD18B341790}.Release|x86.Build.0 = Release|Any CPU
		{2A23810F-E1DC-4005-A55E-BDD18B341790}.x64|Any CPU.ActiveCfg = Release|Any CPU
		{2A23810F-E1DC-4005-A55E-BDD18B341790}.x64|Any CPU.Build.0 = Release|Any CPU
		{2A23810F-E1DC-4005-A55E-BDD18B341790}.x64|ARM.ActiveCfg = Release|Any CPU
		{2A23810F-E1DC-4005-A55E-BDD18B341790}.x64|ARM.Build.0 = Release|Any CPU
		{2A23810F-E1DC-4005-A55E-BDD18B341790}.x64|ARM64.ActiveCfg = Release|Any CPU
		{2A23810F-E1DC-4005-A55E-BDD18B341790}.x64|ARM64.Build.0 = Release|Any CPU
		{2A23810F-E1DC-4005-A55E-BDD18B341790}.x64|iPhone.ActiveCfg = Release|Any CPU
		{2A23810F-E1DC-4005-A55E-BDD18B341790}.x64|iPhone.Build.0 = Release|Any CPU
		{2A23810F-E1DC-4005-A55E-BDD18B341790}.x64|iPhoneSimulator.ActiveCfg = Release|Any CPU
		{2A23810F-E1DC-4005-A55E-BDD18B341790}.x64|iPhoneSimulator.Build.0 = Release|Any CPU
		{2A23810F-E1DC-4005-A55E-BDD18B341790}.x64|x64.ActiveCfg = Release|Any CPU
		{2A23810F-E1DC-4005-A55E-BDD18B341790}.x64|x64.Build.0 = Release|Any CPU
		{2A23810F-E1DC-4005-A55E-BDD18B341790}.x64|x86.ActiveCfg = Release|Any CPU
		{2A23810F-E1DC-4005-A55E-BDD18B341790}.x64|x86.Build.0 = Release|Any CPU
	EndGlobalSection
	GlobalSection(SolutionProperties) = preSolution
		HideSolutionNode = FALSE
	EndGlobalSection
	GlobalSection(ExtensibilityGlobals) = postSolution
		SolutionGuid = {94ED3F1D-2067-41B9-AC8D-D43FA404BE49}
	EndGlobalSection
EndGlobal
