
Microsoft Visual Studio Solution File, Format Version 12.00
# Visual Studio Version 16
VisualStudioVersion = 16.0.31424.327
MinimumVisualStudioVersion = 10.0.40219.1
Project("{9A19103F-16F7-4668-BE54-9A1E7A4F7556}") = "Kit", "..\..\Kit\Kit\Kit.csproj", "{FD81D24F-1848-47D3-835F-24D8BD76AE97}"
EndProject
Project("{9A19103F-16F7-4668-BE54-9A1E7A4F7556}") = "SOEWeb", "SOEWeb\SOEWeb.csproj", "{E4AFEBA7-E63A-49BC-A41E-F6D37D3F2F2C}"
EndProject
Project("{9A19103F-16F7-4668-BE54-9A1E7A4F7556}") = "SOEWeb.Shared", "APIModels\SOEWeb.Shared.csproj", "{5023133D-0221-4ABC-AB0A-A3DD0D7BB3AF}"
EndProject
Global
	GlobalSection(SolutionConfigurationPlatforms) = preSolution
		Debug|Any CPU = Debug|Any CPU
		Debug|x64 = Debug|x64
		Debug2|Any CPU = Debug2|Any CPU
		Debug2|x64 = Debug2|x64
		Gorilla|Any CPU = Gorilla|Any CPU
		Gorilla|x64 = Gorilla|x64
		Release|Any CPU = Release|Any CPU
		Release|x64 = Release|x64
		x64|Any CPU = x64|Any CPU
		x64|x64 = x64|x64
	EndGlobalSection
	GlobalSection(ProjectConfigurationPlatforms) = postSolution
		{16E00ADD-EB58-4182-B84B-FBCF6E1CB20E}.Debug|Any CPU.ActiveCfg = Debug|Any CPU
		{16E00ADD-EB58-4182-B84B-FBCF6E1CB20E}.Debug|Any CPU.Build.0 = Debug|Any CPU
		{16E00ADD-EB58-4182-B84B-FBCF6E1CB20E}.Debug|x64.ActiveCfg = Debug|Any CPU
		{16E00ADD-EB58-4182-B84B-FBCF6E1CB20E}.Debug|x64.Build.0 = Debug|Any CPU
		{16E00ADD-EB58-4182-B84B-FBCF6E1CB20E}.Debug2|Any CPU.ActiveCfg = Debug|Any CPU
		{16E00ADD-EB58-4182-B84B-FBCF6E1CB20E}.Debug2|Any CPU.Build.0 = Debug|Any CPU
		{16E00ADD-EB58-4182-B84B-FBCF6E1CB20E}.Debug2|x64.ActiveCfg = Debug|Any CPU
		{16E00ADD-EB58-4182-B84B-FBCF6E1CB20E}.Debug2|x64.Build.0 = Debug|Any CPU
		{16E00ADD-EB58-4182-B84B-FBCF6E1CB20E}.Gorilla|Any CPU.ActiveCfg = Debug|Any CPU
		{16E00ADD-EB58-4182-B84B-FBCF6E1CB20E}.Gorilla|Any CPU.Build.0 = Debug|Any CPU
		{16E00ADD-EB58-4182-B84B-FBCF6E1CB20E}.Gorilla|x64.ActiveCfg = Debug|Any CPU
		{16E00ADD-EB58-4182-B84B-FBCF6E1CB20E}.Gorilla|x64.Build.0 = Debug|Any CPU
		{16E00ADD-EB58-4182-B84B-FBCF6E1CB20E}.Release|Any CPU.ActiveCfg = Release|Any CPU
		{16E00ADD-EB58-4182-B84B-FBCF6E1CB20E}.Release|Any CPU.Build.0 = Release|Any CPU
		{16E00ADD-EB58-4182-B84B-FBCF6E1CB20E}.Release|x64.ActiveCfg = Release|Any CPU
		{16E00ADD-EB58-4182-B84B-FBCF6E1CB20E}.Release|x64.Build.0 = Release|Any CPU
		{16E00ADD-EB58-4182-B84B-FBCF6E1CB20E}.x64|Any CPU.ActiveCfg = Debug|Any CPU
		{16E00ADD-EB58-4182-B84B-FBCF6E1CB20E}.x64|Any CPU.Build.0 = Debug|Any CPU
		{16E00ADD-EB58-4182-B84B-FBCF6E1CB20E}.x64|x64.ActiveCfg = Debug|Any CPU
		{16E00ADD-EB58-4182-B84B-FBCF6E1CB20E}.x64|x64.Build.0 = Debug|Any CPU
		{FD81D24F-1848-47D3-835F-24D8BD76AE97}.Debug|Any CPU.ActiveCfg = Debug|Any CPU
		{FD81D24F-1848-47D3-835F-24D8BD76AE97}.Debug|Any CPU.Build.0 = Debug|Any CPU
		{FD81D24F-1848-47D3-835F-24D8BD76AE97}.Debug|x64.ActiveCfg = Debug|x64
		{FD81D24F-1848-47D3-835F-24D8BD76AE97}.Debug|x64.Build.0 = Debug|x64
		{FD81D24F-1848-47D3-835F-24D8BD76AE97}.Debug2|Any CPU.ActiveCfg = Debug2|Any CPU
		{FD81D24F-1848-47D3-835F-24D8BD76AE97}.Debug2|Any CPU.Build.0 = Debug2|Any CPU
		{FD81D24F-1848-47D3-835F-24D8BD76AE97}.Debug2|x64.ActiveCfg = Debug2|x64
		{FD81D24F-1848-47D3-835F-24D8BD76AE97}.Debug2|x64.Build.0 = Debug2|x64
		{FD81D24F-1848-47D3-835F-24D8BD76AE97}.Gorilla|Any CPU.ActiveCfg = Gorilla|Any CPU
		{FD81D24F-1848-47D3-835F-24D8BD76AE97}.Gorilla|Any CPU.Build.0 = Gorilla|Any CPU
		{FD81D24F-1848-47D3-835F-24D8BD76AE97}.Gorilla|x64.ActiveCfg = Gorilla|x64
		{FD81D24F-1848-47D3-835F-24D8BD76AE97}.Gorilla|x64.Build.0 = Gorilla|x64
		{FD81D24F-1848-47D3-835F-24D8BD76AE97}.Release|Any CPU.ActiveCfg = Release|Any CPU
		{FD81D24F-1848-47D3-835F-24D8BD76AE97}.Release|Any CPU.Build.0 = Release|Any CPU
		{FD81D24F-1848-47D3-835F-24D8BD76AE97}.Release|x64.ActiveCfg = Release|x64
		{FD81D24F-1848-47D3-835F-24D8BD76AE97}.Release|x64.Build.0 = Release|x64
		{FD81D24F-1848-47D3-835F-24D8BD76AE97}.x64|Any CPU.ActiveCfg = x64|Any CPU
		{FD81D24F-1848-47D3-835F-24D8BD76AE97}.x64|Any CPU.Build.0 = x64|Any CPU
		{FD81D24F-1848-47D3-835F-24D8BD76AE97}.x64|x64.ActiveCfg = x64|x64
		{FD81D24F-1848-47D3-835F-24D8BD76AE97}.x64|x64.Build.0 = x64|x64
		{E4AFEBA7-E63A-49BC-A41E-F6D37D3F2F2C}.Debug|Any CPU.ActiveCfg = Debug|Any CPU
		{E4AFEBA7-E63A-49BC-A41E-F6D37D3F2F2C}.Debug|Any CPU.Build.0 = Debug|Any CPU
		{E4AFEBA7-E63A-49BC-A41E-F6D37D3F2F2C}.Debug|x64.ActiveCfg = Debug|Any CPU
		{E4AFEBA7-E63A-49BC-A41E-F6D37D3F2F2C}.Debug|x64.Build.0 = Debug|Any CPU
		{E4AFEBA7-E63A-49BC-A41E-F6D37D3F2F2C}.Debug2|Any CPU.ActiveCfg = Debug|Any CPU
		{E4AFEBA7-E63A-49BC-A41E-F6D37D3F2F2C}.Debug2|Any CPU.Build.0 = Debug|Any CPU
		{E4AFEBA7-E63A-49BC-A41E-F6D37D3F2F2C}.Debug2|x64.ActiveCfg = Debug|Any CPU
		{E4AFEBA7-E63A-49BC-A41E-F6D37D3F2F2C}.Debug2|x64.Build.0 = Debug|Any CPU
		{E4AFEBA7-E63A-49BC-A41E-F6D37D3F2F2C}.Gorilla|Any CPU.ActiveCfg = Debug|Any CPU
		{E4AFEBA7-E63A-49BC-A41E-F6D37D3F2F2C}.Gorilla|Any CPU.Build.0 = Debug|Any CPU
		{E4AFEBA7-E63A-49BC-A41E-F6D37D3F2F2C}.Gorilla|x64.ActiveCfg = Debug|Any CPU
		{E4AFEBA7-E63A-49BC-A41E-F6D37D3F2F2C}.Gorilla|x64.Build.0 = Debug|Any CPU
		{E4AFEBA7-E63A-49BC-A41E-F6D37D3F2F2C}.Release|Any CPU.ActiveCfg = Release|Any CPU
		{E4AFEBA7-E63A-49BC-A41E-F6D37D3F2F2C}.Release|Any CPU.Build.0 = Release|Any CPU
		{E4AFEBA7-E63A-49BC-A41E-F6D37D3F2F2C}.Release|x64.ActiveCfg = Release|Any CPU
		{E4AFEBA7-E63A-49BC-A41E-F6D37D3F2F2C}.Release|x64.Build.0 = Release|Any CPU
		{E4AFEBA7-E63A-49BC-A41E-F6D37D3F2F2C}.x64|Any CPU.ActiveCfg = Debug|Any CPU
		{E4AFEBA7-E63A-49BC-A41E-F6D37D3F2F2C}.x64|Any CPU.Build.0 = Debug|Any CPU
		{E4AFEBA7-E63A-49BC-A41E-F6D37D3F2F2C}.x64|x64.ActiveCfg = Debug|Any CPU
		{E4AFEBA7-E63A-49BC-A41E-F6D37D3F2F2C}.x64|x64.Build.0 = Debug|Any CPU
		{5023133D-0221-4ABC-AB0A-A3DD0D7BB3AF}.Debug|Any CPU.ActiveCfg = Debug|Any CPU
		{5023133D-0221-4ABC-AB0A-A3DD0D7BB3AF}.Debug|Any CPU.Build.0 = Debug|Any CPU
		{5023133D-0221-4ABC-AB0A-A3DD0D7BB3AF}.Debug|x64.ActiveCfg = Debug|Any CPU
		{5023133D-0221-4ABC-AB0A-A3DD0D7BB3AF}.Debug|x64.Build.0 = Debug|Any CPU
		{5023133D-0221-4ABC-AB0A-A3DD0D7BB3AF}.Debug2|Any CPU.ActiveCfg = Debug|Any CPU
		{5023133D-0221-4ABC-AB0A-A3DD0D7BB3AF}.Debug2|Any CPU.Build.0 = Debug|Any CPU
		{5023133D-0221-4ABC-AB0A-A3DD0D7BB3AF}.Debug2|x64.ActiveCfg = Debug|Any CPU
		{5023133D-0221-4ABC-AB0A-A3DD0D7BB3AF}.Debug2|x64.Build.0 = Debug|Any CPU
		{5023133D-0221-4ABC-AB0A-A3DD0D7BB3AF}.Gorilla|Any CPU.ActiveCfg = Debug|Any CPU
		{5023133D-0221-4ABC-AB0A-A3DD0D7BB3AF}.Gorilla|Any CPU.Build.0 = Debug|Any CPU
		{5023133D-0221-4ABC-AB0A-A3DD0D7BB3AF}.Gorilla|x64.ActiveCfg = Debug|Any CPU
		{5023133D-0221-4ABC-AB0A-A3DD0D7BB3AF}.Gorilla|x64.Build.0 = Debug|Any CPU
		{5023133D-0221-4ABC-AB0A-A3DD0D7BB3AF}.Release|Any CPU.ActiveCfg = Release|Any CPU
		{5023133D-0221-4ABC-AB0A-A3DD0D7BB3AF}.Release|Any CPU.Build.0 = Release|Any CPU
		{5023133D-0221-4ABC-AB0A-A3DD0D7BB3AF}.Release|x64.ActiveCfg = Release|Any CPU
		{5023133D-0221-4ABC-AB0A-A3DD0D7BB3AF}.Release|x64.Build.0 = Release|Any CPU
		{5023133D-0221-4ABC-AB0A-A3DD0D7BB3AF}.x64|Any CPU.ActiveCfg = Debug|Any CPU
		{5023133D-0221-4ABC-AB0A-A3DD0D7BB3AF}.x64|Any CPU.Build.0 = Debug|Any CPU
		{5023133D-0221-4ABC-AB0A-A3DD0D7BB3AF}.x64|x64.ActiveCfg = Debug|Any CPU
		{5023133D-0221-4ABC-AB0A-A3DD0D7BB3AF}.x64|x64.Build.0 = Debug|Any CPU
	EndGlobalSection
	GlobalSection(SolutionProperties) = preSolution
		HideSolutionNode = FALSE
	EndGlobalSection
	GlobalSection(ExtensibilityGlobals) = postSolution
		SolutionGuid = {64CE4BEA-9975-458C-8CDA-048C04F93496}
	EndGlobalSection
EndGlobal
