
Microsoft Visual Studio Solution File, Format Version 12.00
# Visual Studio Version 16
VisualStudioVersion = 16.0.31515.178
MinimumVisualStudioVersion = 10.0.40219.1
Project("{9A19103F-16F7-4668-BE54-9A1E7A4F7556}") = "SOEAWS", "SOEAWS.csproj", "{D79C6481-94EC-4A0F-A213-CD059528A1FA}"
EndProject
Project("{9A19103F-16F7-4668-BE54-9A1E7A4F7556}") = "Kit", "..\..\..\Kit\Kit\Kit.csproj", "{51DB1D10-0BC6-47AC-82A3-32FAC30A7C2C}"
EndProject
Project("{9A19103F-16F7-4668-BE54-9A1E7A4F7556}") = "SOEWeb.Shared", "..\APIModels\SOEWeb.Shared.csproj", "{364780F5-E094-4CE6-A3F5-D9C3CB0D7CDE}"
EndProject
Project("{9A19103F-16F7-4668-BE54-9A1E7A4F7556}") = "Kit.Razor", "..\..\..\Kit\Kit.Razor\Kit.Razor.csproj", "{B81F0AC0-D006-4122-8814-7636BB3CD013}"
EndProject
Global
	GlobalSection(SolutionConfigurationPlatforms) = preSolution
		Debug|Any CPU = Debug|Any CPU
		Debug|x64 = Debug|x64
		Debug2|Any CPU = Debug2|Any CPU
		Debug2|x64 = Debug2|x64
		Gorilla|Any CPU = Gorilla|Any CPU
		Gorilla|x64 = Gorilla|x64
		Release|Any CPU = Release|Any CPU
		Release|x64 = Release|x64
		x64|Any CPU = x64|Any CPU
		x64|x64 = x64|x64
	EndGlobalSection
	GlobalSection(ProjectConfigurationPlatforms) = postSolution
		{D79C6481-94EC-4A0F-A213-CD059528A1FA}.Debug|Any CPU.ActiveCfg = Debug|Any CPU
		{D79C6481-94EC-4A0F-A213-CD059528A1FA}.Debug|Any CPU.Build.0 = Debug|Any CPU
		{D79C6481-94EC-4A0F-A213-CD059528A1FA}.Debug|x64.ActiveCfg = Debug|Any CPU
		{D79C6481-94EC-4A0F-A213-CD059528A1FA}.Debug|x64.Build.0 = Debug|Any CPU
		{D79C6481-94EC-4A0F-A213-CD059528A1FA}.Debug2|Any CPU.ActiveCfg = Debug|Any CPU
		{D79C6481-94EC-4A0F-A213-CD059528A1FA}.Debug2|Any CPU.Build.0 = Debug|Any CPU
		{D79C6481-94EC-4A0F-A213-CD059528A1FA}.Debug2|x64.ActiveCfg = Debug|Any CPU
		{D79C6481-94EC-4A0F-A213-CD059528A1FA}.Debug2|x64.Build.0 = Debug|Any CPU
		{D79C6481-94EC-4A0F-A213-CD059528A1FA}.Gorilla|Any CPU.ActiveCfg = Debug|Any CPU
		{D79C6481-94EC-4A0F-A213-CD059528A1FA}.Gorilla|Any CPU.Build.0 = Debug|Any CPU
		{D79C6481-94EC-4A0F-A213-CD059528A1FA}.Gorilla|x64.ActiveCfg = Debug|Any CPU
		{D79C6481-94EC-4A0F-A213-CD059528A1FA}.Gorilla|x64.Build.0 = Debug|Any CPU
		{D79C6481-94EC-4A0F-A213-CD059528A1FA}.Release|Any CPU.ActiveCfg = Release|Any CPU
		{D79C6481-94EC-4A0F-A213-CD059528A1FA}.Release|Any CPU.Build.0 = Release|Any CPU
		{D79C6481-94EC-4A0F-A213-CD059528A1FA}.Release|x64.ActiveCfg = Release|Any CPU
		{D79C6481-94EC-4A0F-A213-CD059528A1FA}.Release|x64.Build.0 = Release|Any CPU
		{D79C6481-94EC-4A0F-A213-CD059528A1FA}.x64|Any CPU.ActiveCfg = Debug|Any CPU
		{D79C6481-94EC-4A0F-A213-CD059528A1FA}.x64|Any CPU.Build.0 = Debug|Any CPU
		{D79C6481-94EC-4A0F-A213-CD059528A1FA}.x64|x64.ActiveCfg = Debug|Any CPU
		{D79C6481-94EC-4A0F-A213-CD059528A1FA}.x64|x64.Build.0 = Debug|Any CPU
		{51DB1D10-0BC6-47AC-82A3-32FAC30A7C2C}.Debug|Any CPU.ActiveCfg = Debug|Any CPU
		{51DB1D10-0BC6-47AC-82A3-32FAC30A7C2C}.Debug|Any CPU.Build.0 = Debug|Any CPU
		{51DB1D10-0BC6-47AC-82A3-32FAC30A7C2C}.Debug|x64.ActiveCfg = Debug|x64
		{51DB1D10-0BC6-47AC-82A3-32FAC30A7C2C}.Debug|x64.Build.0 = Debug|x64
		{51DB1D10-0BC6-47AC-82A3-32FAC30A7C2C}.Debug2|Any CPU.ActiveCfg = Debug2|Any CPU
		{51DB1D10-0BC6-47AC-82A3-32FAC30A7C2C}.Debug2|Any CPU.Build.0 = Debug2|Any CPU
		{51DB1D10-0BC6-47AC-82A3-32FAC30A7C2C}.Debug2|x64.ActiveCfg = Debug2|x64
		{51DB1D10-0BC6-47AC-82A3-32FAC30A7C2C}.Debug2|x64.Build.0 = Debug2|x64
		{51DB1D10-0BC6-47AC-82A3-32FAC30A7C2C}.Gorilla|Any CPU.ActiveCfg = Gorilla|Any CPU
		{51DB1D10-0BC6-47AC-82A3-32FAC30A7C2C}.Gorilla|Any CPU.Build.0 = Gorilla|Any CPU
		{51DB1D10-0BC6-47AC-82A3-32FAC30A7C2C}.Gorilla|x64.ActiveCfg = Gorilla|x64
		{51DB1D10-0BC6-47AC-82A3-32FAC30A7C2C}.Gorilla|x64.Build.0 = Gorilla|x64
		{51DB1D10-0BC6-47AC-82A3-32FAC30A7C2C}.Release|Any CPU.ActiveCfg = Release|Any CPU
		{51DB1D10-0BC6-47AC-82A3-32FAC30A7C2C}.Release|Any CPU.Build.0 = Release|Any CPU
		{51DB1D10-0BC6-47AC-82A3-32FAC30A7C2C}.Release|x64.ActiveCfg = Release|x64
		{51DB1D10-0BC6-47AC-82A3-32FAC30A7C2C}.Release|x64.Build.0 = Release|x64
		{51DB1D10-0BC6-47AC-82A3-32FAC30A7C2C}.x64|Any CPU.ActiveCfg = x64|Any CPU
		{51DB1D10-0BC6-47AC-82A3-32FAC30A7C2C}.x64|Any CPU.Build.0 = x64|Any CPU
		{51DB1D10-0BC6-47AC-82A3-32FAC30A7C2C}.x64|x64.ActiveCfg = x64|x64
		{51DB1D10-0BC6-47AC-82A3-32FAC30A7C2C}.x64|x64.Build.0 = x64|x64
		{364780F5-E094-4CE6-A3F5-D9C3CB0D7CDE}.Debug|Any CPU.ActiveCfg = Debug|Any CPU
		{364780F5-E094-4CE6-A3F5-D9C3CB0D7CDE}.Debug|Any CPU.Build.0 = Debug|Any CPU
		{364780F5-E094-4CE6-A3F5-D9C3CB0D7CDE}.Debug|x64.ActiveCfg = Debug|Any CPU
		{364780F5-E094-4CE6-A3F5-D9C3CB0D7CDE}.Debug|x64.Build.0 = Debug|Any CPU
		{364780F5-E094-4CE6-A3F5-D9C3CB0D7CDE}.Debug2|Any CPU.ActiveCfg = Debug|Any CPU
		{364780F5-E094-4CE6-A3F5-D9C3CB0D7CDE}.Debug2|Any CPU.Build.0 = Debug|Any CPU
		{364780F5-E094-4CE6-A3F5-D9C3CB0D7CDE}.Debug2|x64.ActiveCfg = Debug|Any CPU
		{364780F5-E094-4CE6-A3F5-D9C3CB0D7CDE}.Debug2|x64.Build.0 = Debug|Any CPU
		{364780F5-E094-4CE6-A3F5-D9C3CB0D7CDE}.Gorilla|Any CPU.ActiveCfg = Debug|Any CPU
		{364780F5-E094-4CE6-A3F5-D9C3CB0D7CDE}.Gorilla|Any CPU.Build.0 = Debug|Any CPU
		{364780F5-E094-4CE6-A3F5-D9C3CB0D7CDE}.Gorilla|x64.ActiveCfg = Debug|Any CPU
		{364780F5-E094-4CE6-A3F5-D9C3CB0D7CDE}.Gorilla|x64.Build.0 = Debug|Any CPU
		{364780F5-E094-4CE6-A3F5-D9C3CB0D7CDE}.Release|Any CPU.ActiveCfg = Release|Any CPU
		{364780F5-E094-4CE6-A3F5-D9C3CB0D7CDE}.Release|Any CPU.Build.0 = Release|Any CPU
		{364780F5-E094-4CE6-A3F5-D9C3CB0D7CDE}.Release|x64.ActiveCfg = Release|Any CPU
		{364780F5-E094-4CE6-A3F5-D9C3CB0D7CDE}.Release|x64.Build.0 = Release|Any CPU
		{364780F5-E094-4CE6-A3F5-D9C3CB0D7CDE}.x64|Any CPU.ActiveCfg = Debug|Any CPU
		{364780F5-E094-4CE6-A3F5-D9C3CB0D7CDE}.x64|Any CPU.Build.0 = Debug|Any CPU
		{364780F5-E094-4CE6-A3F5-D9C3CB0D7CDE}.x64|x64.ActiveCfg = Debug|Any CPU
		{364780F5-E094-4CE6-A3F5-D9C3CB0D7CDE}.x64|x64.Build.0 = Debug|Any CPU
		{B81F0AC0-D006-4122-8814-7636BB3CD013}.Debug|Any CPU.ActiveCfg = Debug|Any CPU
		{B81F0AC0-D006-4122-8814-7636BB3CD013}.Debug|Any CPU.Build.0 = Debug|Any CPU
		{B81F0AC0-D006-4122-8814-7636BB3CD013}.Debug|x64.ActiveCfg = Debug|Any CPU
		{B81F0AC0-D006-4122-8814-7636BB3CD013}.Debug|x64.Build.0 = Debug|Any CPU
		{B81F0AC0-D006-4122-8814-7636BB3CD013}.Debug2|Any CPU.ActiveCfg = Debug|Any CPU
		{B81F0AC0-D006-4122-8814-7636BB3CD013}.Debug2|Any CPU.Build.0 = Debug|Any CPU
		{B81F0AC0-D006-4122-8814-7636BB3CD013}.Debug2|x64.ActiveCfg = Debug|Any CPU
		{B81F0AC0-D006-4122-8814-7636BB3CD013}.Debug2|x64.Build.0 = Debug|Any CPU
		{B81F0AC0-D006-4122-8814-7636BB3CD013}.Gorilla|Any CPU.ActiveCfg = Debug|Any CPU
		{B81F0AC0-D006-4122-8814-7636BB3CD013}.Gorilla|Any CPU.Build.0 = Debug|Any CPU
		{B81F0AC0-D006-4122-8814-7636BB3CD013}.Gorilla|x64.ActiveCfg = Debug|Any CPU
		{B81F0AC0-D006-4122-8814-7636BB3CD013}.Gorilla|x64.Build.0 = Debug|Any CPU
		{B81F0AC0-D006-4122-8814-7636BB3CD013}.Release|Any CPU.ActiveCfg = Release|Any CPU
		{B81F0AC0-D006-4122-8814-7636BB3CD013}.Release|Any CPU.Build.0 = Release|Any CPU
		{B81F0AC0-D006-4122-8814-7636BB3CD013}.Release|x64.ActiveCfg = Release|Any CPU
		{B81F0AC0-D006-4122-8814-7636BB3CD013}.Release|x64.Build.0 = Release|Any CPU
		{B81F0AC0-D006-4122-8814-7636BB3CD013}.x64|Any CPU.ActiveCfg = Debug|Any CPU
		{B81F0AC0-D006-4122-8814-7636BB3CD013}.x64|Any CPU.Build.0 = Debug|Any CPU
		{B81F0AC0-D006-4122-8814-7636BB3CD013}.x64|x64.ActiveCfg = Debug|Any CPU
		{B81F0AC0-D006-4122-8814-7636BB3CD013}.x64|x64.Build.0 = Debug|Any CPU
	EndGlobalSection
	GlobalSection(SolutionProperties) = preSolution
		HideSolutionNode = FALSE
	EndGlobalSection
	GlobalSection(ExtensibilityGlobals) = postSolution
		SolutionGuid = {F46755F2-37FC-4F7A-9885-88AFD8B0B03B}
	EndGlobalSection
EndGlobal
